// !$*UTF8*$!
{
	archiveVersion = 1;
	classes = {
	};
	objectVersion = 48;
	objects = {

/* Begin PBXBuildFile section */
		940DA9722097825700AB4BF6 /* UILabel+Extensions.swift in Sources */ = {isa = PBXBuildFile; fileRef = 940DA9712097825700AB4BF6 /* UILabel+Extensions.swift */; };
		940DA9752097942000AB4BF6 /* PopupFieldCell.swift in Sources */ = {isa = PBXBuildFile; fileRef = 940DA9742097942000AB4BF6 /* PopupFieldCell.swift */; };
		940DA977209794E200AB4BF6 /* PopupTextFieldCell.swift in Sources */ = {isa = PBXBuildFile; fileRef = 940DA976209794E200AB4BF6 /* PopupTextFieldCell.swift */; };
		940DA9792097951000AB4BF6 /* PopupTextViewCell.swift in Sources */ = {isa = PBXBuildFile; fileRef = 940DA9782097951000AB4BF6 /* PopupTextViewCell.swift */; };
		940DA97B2098E1C600AB4BF6 /* AGSArcGISFeatureTable+Extensions.swift in Sources */ = {isa = PBXBuildFile; fileRef = 940DA97A2098E1C600AB4BF6 /* AGSArcGISFeatureTable+Extensions.swift */; };
		9412D213209937950031F9EB /* RelatedRecordCell.swift in Sources */ = {isa = PBXBuildFile; fileRef = 9412D212209937950031F9EB /* RelatedRecordCell.swift */; };
		9412D215209937E50031F9EB /* RelatedRecordsPopupsViewController+Delegate.swift in Sources */ = {isa = PBXBuildFile; fileRef = 9412D214209937E50031F9EB /* RelatedRecordsPopupsViewController+Delegate.swift */; };
		9412D2172099382C0031F9EB /* RelatedRecordsPopupsViewController+DataSource.swift in Sources */ = {isa = PBXBuildFile; fileRef = 9412D2162099382C0031F9EB /* RelatedRecordsPopupsViewController+DataSource.swift */; };
		946569022087FAE700599E55 /* MapViewController+MapViewMode.swift in Sources */ = {isa = PBXBuildFile; fileRef = 946569012087FAE700599E55 /* MapViewController+MapViewMode.swift */; };
		946569042087FB5000599E55 /* MapViewController+LocationSelection.swift in Sources */ = {isa = PBXBuildFile; fileRef = 946569032087FB5000599E55 /* MapViewController+LocationSelection.swift */; };
		946569062087FBF700599E55 /* MapViewController+UserLocation.swift in Sources */ = {isa = PBXBuildFile; fileRef = 946569052087FBF700599E55 /* MapViewController+UserLocation.swift */; };
		9465690A2087FC5800599E55 /* MapViewController+Observers.swift in Sources */ = {isa = PBXBuildFile; fileRef = 946569092087FC5800599E55 /* MapViewController+Observers.swift */; };
		9465690C2087FCCE00599E55 /* MapViewController+Setup.swift in Sources */ = {isa = PBXBuildFile; fileRef = 9465690B2087FCCE00599E55 /* MapViewController+Setup.swift */; };
		9465690E208800A200599E55 /* MapViewController+Delegate.swift in Sources */ = {isa = PBXBuildFile; fileRef = 9465690D208800A200599E55 /* MapViewController+Delegate.swift */; };
		94656910208800E100599E55 /* MapViewController+TouchDelegate.swift in Sources */ = {isa = PBXBuildFile; fileRef = 9465690F208800E100599E55 /* MapViewController+TouchDelegate.swift */; };
		946569122088020F00599E55 /* AGSPopup+Extensions.swift in Sources */ = {isa = PBXBuildFile; fileRef = 946569112088020F00599E55 /* AGSPopup+Extensions.swift */; };
		946569142088023600599E55 /* AGSPopupManager+Extensions.swift in Sources */ = {isa = PBXBuildFile; fileRef = 946569132088023600599E55 /* AGSPopupManager+Extensions.swift */; };
		946569162088026100599E55 /* AGSRelatedFeatureQueryResult+Extensions.swift in Sources */ = {isa = PBXBuildFile; fileRef = 946569152088026100599E55 /* AGSRelatedFeatureQueryResult+Extensions.swift */; };
		9465691A2088028E00599E55 /* AGSRelationshipInfo+Extensions.swift in Sources */ = {isa = PBXBuildFile; fileRef = 946569192088028E00599E55 /* AGSRelationshipInfo+Extensions.swift */; };
		9465691C208802AE00599E55 /* AGSFeatureLayer+Extensions.swift in Sources */ = {isa = PBXBuildFile; fileRef = 9465691B208802AE00599E55 /* AGSFeatureLayer+Extensions.swift */; };
		9465691E208802CE00599E55 /* AGSFeatureTable+Extensions.swift in Sources */ = {isa = PBXBuildFile; fileRef = 9465691D208802CE00599E55 /* AGSFeatureTable+Extensions.swift */; };
		946569232088036C00599E55 /* PopupsViewControllerEmbeddable.swift in Sources */ = {isa = PBXBuildFile; fileRef = 946569222088036C00599E55 /* PopupsViewControllerEmbeddable.swift */; };
		94656925208803AE00599E55 /* SmallPopupViewController.swift in Sources */ = {isa = PBXBuildFile; fileRef = 94656924208803AE00599E55 /* SmallPopupViewController.swift */; };
		946569272088042400599E55 /* SmallPopup.storyboard in Resources */ = {isa = PBXBuildFile; fileRef = 946569262088042400599E55 /* SmallPopup.storyboard */; };
		946569292089066800599E55 /* MapViewController+Map.swift in Sources */ = {isa = PBXBuildFile; fileRef = 946569282089066800599E55 /* MapViewController+Map.swift */; };
		948066332091474F00A398EA /* RelatedRecordsPopup.storyboard in Resources */ = {isa = PBXBuildFile; fileRef = 948066322091474F00A398EA /* RelatedRecordsPopup.storyboard */; };
		948066362091483600A398EA /* RelatedRecordsPopupsViewController.swift in Sources */ = {isa = PBXBuildFile; fileRef = 948066352091483600A398EA /* RelatedRecordsPopupsViewController.swift */; };
		948066382091595200A398EA /* RelatedRecordsManager.swift in Sources */ = {isa = PBXBuildFile; fileRef = 948066372091595200A398EA /* RelatedRecordsManager.swift */; };
		94A8101D20AA1D7C00D4BC68 /* PopupIntegerCell.swift in Sources */ = {isa = PBXBuildFile; fileRef = 94A8101C20AA1D7C00D4BC68 /* PopupIntegerCell.swift */; };
		94A8102520AFA01F00D4BC68 /* PopupAttributesManager.swift in Sources */ = {isa = PBXBuildFile; fileRef = 94A8102420AFA01F00D4BC68 /* PopupAttributesManager.swift */; };
		94A8102920B33B2700D4BC68 /* PopupFloatCell.swift in Sources */ = {isa = PBXBuildFile; fileRef = 94A8102820B33B2700D4BC68 /* PopupFloatCell.swift */; };
		94A8102B20B33B9200D4BC68 /* PopupStringCell.swift in Sources */ = {isa = PBXBuildFile; fileRef = 94A8102A20B33B9200D4BC68 /* PopupStringCell.swift */; };
		94A8102D20B33C0E00D4BC68 /* PopupDateCell.swift in Sources */ = {isa = PBXBuildFile; fileRef = 94A8102C20B33C0E00D4BC68 /* PopupDateCell.swift */; };
		94A8102F20B33C3B00D4BC68 /* PopupIDCell.swift in Sources */ = {isa = PBXBuildFile; fileRef = 94A8102E20B33C3B00D4BC68 /* PopupIDCell.swift */; };
		94A8103120B35A9100D4BC68 /* RelatedRecordsPopupsViewController+PopupManagerDelegate.swift in Sources */ = {isa = PBXBuildFile; fileRef = 94A8103020B35A9100D4BC68 /* RelatedRecordsPopupsViewController+PopupManagerDelegate.swift */; };
		94A8103320B4BF8800D4BC68 /* AGSPopupDateFormat+Extensions.swift in Sources */ = {isa = PBXBuildFile; fileRef = 94A8103220B4BF8800D4BC68 /* AGSPopupDateFormat+Extensions.swift */; };
		94B375BC207E8D5600691F2A /* AddressLocator.locb in Resources */ = {isa = PBXBuildFile; fileRef = 94B37598207E8D5600691F2A /* AddressLocator.locb */; };
		94B375BD207E8D5600691F2A /* AddressLocator.loc.xml in Resources */ = {isa = PBXBuildFile; fileRef = 94B37599207E8D5600691F2A /* AddressLocator.loc.xml */; };
		94B375BE207E8D5600691F2A /* AddressLocator.lox in Resources */ = {isa = PBXBuildFile; fileRef = 94B3759A207E8D5600691F2A /* AddressLocator.lox */; };
		94B375BF207E8D5600691F2A /* AddressLocator.loc in Resources */ = {isa = PBXBuildFile; fileRef = 94B3759B207E8D5600691F2A /* AddressLocator.loc */; };
		94B375C0207E8D5600691F2A /* AppFiles.swift in Sources */ = {isa = PBXBuildFile; fileRef = 94B3759E207E8D5600691F2A /* AppFiles.swift */; };
		94B375C1207E8D5600691F2A /* AppConfiguration.swift in Sources */ = {isa = PBXBuildFile; fileRef = 94B3759F207E8D5600691F2A /* AppConfiguration.swift */; };
		94B375C2207E8D5600691F2A /* AppOfflineMapJobConstruct.swift in Sources */ = {isa = PBXBuildFile; fileRef = 94B375A0207E8D5600691F2A /* AppOfflineMapJobConstruct.swift */; };
		94B375C3207E8D5600691F2A /* AppDefaults.swift in Sources */ = {isa = PBXBuildFile; fileRef = 94B375A1207E8D5600691F2A /* AppDefaults.swift */; };
		94B375C4207E8D5600691F2A /* AppErrors.swift in Sources */ = {isa = PBXBuildFile; fileRef = 94B375A2207E8D5600691F2A /* AppErrors.swift */; };
		94B375C5207E8D5600691F2A /* AppNotifications.swift in Sources */ = {isa = PBXBuildFile; fileRef = 94B375A3207E8D5600691F2A /* AppNotifications.swift */; };
		94B375C6207E8D5600691F2A /* AppLocation.swift in Sources */ = {isa = PBXBuildFile; fileRef = 94B375A4207E8D5600691F2A /* AppLocation.swift */; };
		94B375C7207E8D5600691F2A /* AppContext+Login.swift in Sources */ = {isa = PBXBuildFile; fileRef = 94B375A6207E8D5600691F2A /* AppContext+Login.swift */; };
		94B375C8207E8D5600691F2A /* AppContext+WorkMode.swift in Sources */ = {isa = PBXBuildFile; fileRef = 94B375A7207E8D5600691F2A /* AppContext+WorkMode.swift */; };
		94B375C9207E8D5600691F2A /* AppContext.swift in Sources */ = {isa = PBXBuildFile; fileRef = 94B375A8207E8D5600691F2A /* AppContext.swift */; };
		94B375CA207E8D5600691F2A /* AppGlobals.swift in Sources */ = {isa = PBXBuildFile; fileRef = 94B375A9207E8D5600691F2A /* AppGlobals.swift */; };
		94B375CB207E8D5600691F2A /* NetworkReachabilityManager.swift in Sources */ = {isa = PBXBuildFile; fileRef = 94B375AC207E8D5600691F2A /* NetworkReachabilityManager.swift */; };
		94B375CC207E8D5600691F2A /* SVRadialGradientLayer.m in Sources */ = {isa = PBXBuildFile; fileRef = 94B375AE207E8D5600691F2A /* SVRadialGradientLayer.m */; };
		94B375CD207E8D5600691F2A /* SVProgressAnimatedView.m in Sources */ = {isa = PBXBuildFile; fileRef = 94B375B1207E8D5600691F2A /* SVProgressAnimatedView.m */; };
		94B375CE207E8D5600691F2A /* SVProgressHUD.m in Sources */ = {isa = PBXBuildFile; fileRef = 94B375B5207E8D5600691F2A /* SVProgressHUD.m */; };
		94B375CF207E8D5600691F2A /* LICENSE.txt in Resources */ = {isa = PBXBuildFile; fileRef = 94B375B6207E8D5600691F2A /* LICENSE.txt */; };
		94B375D0207E8D5600691F2A /* SVIndefiniteAnimatedView.m in Sources */ = {isa = PBXBuildFile; fileRef = 94B375B7207E8D5600691F2A /* SVIndefiniteAnimatedView.m */; };
		94B375D1207E8D5600691F2A /* SVProgressHUD.bundle in Resources */ = {isa = PBXBuildFile; fileRef = 94B375B8207E8D5600691F2A /* SVProgressHUD.bundle */; };
		94B375D2207E8D5600691F2A /* EphemeralCache.swift in Sources */ = {isa = PBXBuildFile; fileRef = 94B375BB207E8D5600691F2A /* EphemeralCache.swift */; };
		94B375D6207E8DD600691F2A /* GeocodeSearchManager.swift in Sources */ = {isa = PBXBuildFile; fileRef = 94B375D4207E8DD600691F2A /* GeocodeSearchManager.swift */; };
		94B375D7207E8DD600691F2A /* EditType.swift in Sources */ = {isa = PBXBuildFile; fileRef = 94B375D5207E8DD600691F2A /* EditType.swift */; };
		94B375F2207E8E4800691F2A /* AGSLoadStatus+Extensions.swift in Sources */ = {isa = PBXBuildFile; fileRef = 94B375DB207E8E4800691F2A /* AGSLoadStatus+Extensions.swift */; };
		94B375F3207E8E4800691F2A /* AGSQueryParameter+Extensions.swift in Sources */ = {isa = PBXBuildFile; fileRef = 94B375DC207E8E4800691F2A /* AGSQueryParameter+Extensions.swift */; };
		94B375F4207E8E4800691F2A /* AGSJobStatus+Extensions.swift in Sources */ = {isa = PBXBuildFile; fileRef = 94B375DD207E8E4800691F2A /* AGSJobStatus+Extensions.swift */; };
		94B375F5207E8E4800691F2A /* AGSMapView+Extensions.swift in Sources */ = {isa = PBXBuildFile; fileRef = 94B375DE207E8E4800691F2A /* AGSMapView+Extensions.swift */; };
		94B375F6207E8E4800691F2A /* AGSPortal+Extensions.swift in Sources */ = {isa = PBXBuildFile; fileRef = 94B375DF207E8E4800691F2A /* AGSPortal+Extensions.swift */; };
		94B375F8207E8E4800691F2A /* AGSDrawStatus+Extensions.swift in Sources */ = {isa = PBXBuildFile; fileRef = 94B375E1207E8E4800691F2A /* AGSDrawStatus+Extensions.swift */; };
		94B375F9207E8E4800691F2A /* AGSArcGISFeature+Extensions.swift in Sources */ = {isa = PBXBuildFile; fileRef = 94B375E2207E8E4800691F2A /* AGSArcGISFeature+Extensions.swift */; };
		94B375FA207E8E4800691F2A /* UIViewController+Extensions.swift in Sources */ = {isa = PBXBuildFile; fileRef = 94B375E4207E8E4800691F2A /* UIViewController+Extensions.swift */; };
		94B375FB207E8E4800691F2A /* UIButton+Extensions.swift in Sources */ = {isa = PBXBuildFile; fileRef = 94B375E5207E8E4800691F2A /* UIButton+Extensions.swift */; };
		94B375FC207E8E4800691F2A /* UIView+Extensions.swift in Sources */ = {isa = PBXBuildFile; fileRef = 94B375E6207E8E4800691F2A /* UIView+Extensions.swift */; };
		94B375FD207E8E4800691F2A /* UIColor+Extensions.swift in Sources */ = {isa = PBXBuildFile; fileRef = 94B375E7207E8E4800691F2A /* UIColor+Extensions.swift */; };
		94B375FE207E8E4800691F2A /* UIImage+Extensions.swift in Sources */ = {isa = PBXBuildFile; fileRef = 94B375E8207E8E4800691F2A /* UIImage+Extensions.swift */; };
		94B375FF207E8E4800691F2A /* UIStoryboardSegue+Extensions.swift in Sources */ = {isa = PBXBuildFile; fileRef = 94B375E9207E8E4800691F2A /* UIStoryboardSegue+Extensions.swift */; };
		94B37600207E8E4800691F2A /* UIAlertController+Extensions.swift in Sources */ = {isa = PBXBuildFile; fileRef = 94B375EA207E8E4800691F2A /* UIAlertController+Extensions.swift */; };
		94B37601207E8E4800691F2A /* DispatchGroup+Extensions.swift in Sources */ = {isa = PBXBuildFile; fileRef = 94B375EC207E8E4800691F2A /* DispatchGroup+Extensions.swift */; };
		94B37602207E8E4800691F2A /* BasicTypes+Extensions.swift in Sources */ = {isa = PBXBuildFile; fileRef = 94B375ED207E8E4800691F2A /* BasicTypes+Extensions.swift */; };
		94B37603207E8E4800691F2A /* CGGeometry+Extensions.swift in Sources */ = {isa = PBXBuildFile; fileRef = 94B375EF207E8E4800691F2A /* CGGeometry+Extensions.swift */; };
		94B3760C207EAE4700691F2A /* AppDelegate.swift in Sources */ = {isa = PBXBuildFile; fileRef = 94B3760B207EAE4600691F2A /* AppDelegate.swift */; };
		94B3760E207EAEA100691F2A /* ArcGIS.bundle in Resources */ = {isa = PBXBuildFile; fileRef = 94B3760D207EAEA100691F2A /* ArcGIS.bundle */; };
		94D544BD207FC15D00ED0D04 /* DrawerViewController.swift in Sources */ = {isa = PBXBuildFile; fileRef = 94D544B4207FC15C00ED0D04 /* DrawerViewController.swift */; };
		94D544BE207FC15D00ED0D04 /* AppContainerViewController+DrawerDelegate.swift in Sources */ = {isa = PBXBuildFile; fileRef = 94D544B6207FC15D00ED0D04 /* AppContainerViewController+DrawerDelegate.swift */; };
		94D544BF207FC15D00ED0D04 /* AppContainerViewController.swift in Sources */ = {isa = PBXBuildFile; fileRef = 94D544B7207FC15D00ED0D04 /* AppContainerViewController.swift */; };
		94D544C0207FC15D00ED0D04 /* AppContainerViewController+MapDelegate.swift in Sources */ = {isa = PBXBuildFile; fileRef = 94D544B8207FC15D00ED0D04 /* AppContainerViewController+MapDelegate.swift */; };
		94D544C1207FC15D00ED0D04 /* AppContainerViewController+JobStatusDelegate.swift in Sources */ = {isa = PBXBuildFile; fileRef = 94D544B9207FC15D00ED0D04 /* AppContainerViewController+JobStatusDelegate.swift */; };
		94D544C2207FC15D00ED0D04 /* AppContextAwareController.swift in Sources */ = {isa = PBXBuildFile; fileRef = 94D544BA207FC15D00ED0D04 /* AppContextAwareController.swift */; };
		94D544C3207FC15D00ED0D04 /* DownloadMaskViewController.swift in Sources */ = {isa = PBXBuildFile; fileRef = 94D544BB207FC15D00ED0D04 /* DownloadMaskViewController.swift */; };
		94D544C4207FC15D00ED0D04 /* JobStatusViewController.swift in Sources */ = {isa = PBXBuildFile; fileRef = 94D544BC207FC15D00ED0D04 /* JobStatusViewController.swift */; };
		94D544C6207FC20700ED0D04 /* MapViewController+Mask.swift in Sources */ = {isa = PBXBuildFile; fileRef = 94D544C5207FC20700ED0D04 /* MapViewController+Mask.swift */; };
		94D544C9207FC67B00ED0D04 /* Assets.xcassets in Resources */ = {isa = PBXBuildFile; fileRef = 94D544C7207FC67A00ED0D04 /* Assets.xcassets */; };
		94D544CA207FC67B00ED0D04 /* AppIcon.xcassets in Resources */ = {isa = PBXBuildFile; fileRef = 94D544C8207FC67B00ED0D04 /* AppIcon.xcassets */; };
		94D544D620852A5100ED0D04 /* NotificationBarLabel.swift in Sources */ = {isa = PBXBuildFile; fileRef = 94D544D120852A5100ED0D04 /* NotificationBarLabel.swift */; };
		94D544D720852A5100ED0D04 /* CompassView.swift in Sources */ = {isa = PBXBuildFile; fileRef = 94D544D220852A5100ED0D04 /* CompassView.swift */; };
		94D544D820852A5100ED0D04 /* ShrinkingView.swift in Sources */ = {isa = PBXBuildFile; fileRef = 94D544D320852A5100ED0D04 /* ShrinkingView.swift */; };
		94D544D920852A5100ED0D04 /* PinDropView.swift in Sources */ = {isa = PBXBuildFile; fileRef = 94D544D420852A5100ED0D04 /* PinDropView.swift */; };
		94D544DA20852A5100ED0D04 /* ActivityBarView.swift in Sources */ = {isa = PBXBuildFile; fileRef = 94D544D520852A5100ED0D04 /* ActivityBarView.swift */; };
		94FA8B25207BF2CD00972C75 /* MapViewController.swift in Sources */ = {isa = PBXBuildFile; fileRef = 94FA8B24207BF2CD00972C75 /* MapViewController.swift */; };
		94FA8B28207BF2CD00972C75 /* MapViewController.storyboard in Resources */ = {isa = PBXBuildFile; fileRef = 94FA8B26207BF2CD00972C75 /* MapViewController.storyboard */; };
		94FA8B2D207BF2CD00972C75 /* LaunchScreen.storyboard in Resources */ = {isa = PBXBuildFile; fileRef = 94FA8B2B207BF2CD00972C75 /* LaunchScreen.storyboard */; };
		94FA8B38207BF2CD00972C75 /* data_collectionTests.swift in Sources */ = {isa = PBXBuildFile; fileRef = 94FA8B37207BF2CD00972C75 /* data_collectionTests.swift */; };
		94FA8B43207BF2CD00972C75 /* data_collectionUITests.swift in Sources */ = {isa = PBXBuildFile; fileRef = 94FA8B42207BF2CD00972C75 /* data_collectionUITests.swift */; };
/* End PBXBuildFile section */

/* Begin PBXContainerItemProxy section */
		94FA8B34207BF2CD00972C75 /* PBXContainerItemProxy */ = {
			isa = PBXContainerItemProxy;
			containerPortal = 94FA8B17207BF2CD00972C75 /* Project object */;
			proxyType = 1;
			remoteGlobalIDString = 94FA8B1E207BF2CD00972C75;
			remoteInfo = "data-collection";
		};
		94FA8B3F207BF2CD00972C75 /* PBXContainerItemProxy */ = {
			isa = PBXContainerItemProxy;
			containerPortal = 94FA8B17207BF2CD00972C75 /* Project object */;
			proxyType = 1;
			remoteGlobalIDString = 94FA8B1E207BF2CD00972C75;
			remoteInfo = "data-collection";
		};
/* End PBXContainerItemProxy section */

/* Begin PBXFileReference section */
		940DA9712097825700AB4BF6 /* UILabel+Extensions.swift */ = {isa = PBXFileReference; lastKnownFileType = sourcecode.swift; path = "UILabel+Extensions.swift"; sourceTree = "<group>"; };
		940DA9742097942000AB4BF6 /* PopupFieldCell.swift */ = {isa = PBXFileReference; lastKnownFileType = sourcecode.swift; path = PopupFieldCell.swift; sourceTree = "<group>"; };
		940DA976209794E200AB4BF6 /* PopupTextFieldCell.swift */ = {isa = PBXFileReference; lastKnownFileType = sourcecode.swift; path = PopupTextFieldCell.swift; sourceTree = "<group>"; };
		940DA9782097951000AB4BF6 /* PopupTextViewCell.swift */ = {isa = PBXFileReference; lastKnownFileType = sourcecode.swift; path = PopupTextViewCell.swift; sourceTree = "<group>"; };
		940DA97A2098E1C600AB4BF6 /* AGSArcGISFeatureTable+Extensions.swift */ = {isa = PBXFileReference; lastKnownFileType = sourcecode.swift; path = "AGSArcGISFeatureTable+Extensions.swift"; sourceTree = "<group>"; };
		9412D212209937950031F9EB /* RelatedRecordCell.swift */ = {isa = PBXFileReference; lastKnownFileType = sourcecode.swift; path = RelatedRecordCell.swift; sourceTree = "<group>"; };
		9412D214209937E50031F9EB /* RelatedRecordsPopupsViewController+Delegate.swift */ = {isa = PBXFileReference; lastKnownFileType = sourcecode.swift; path = "RelatedRecordsPopupsViewController+Delegate.swift"; sourceTree = "<group>"; };
		9412D2162099382C0031F9EB /* RelatedRecordsPopupsViewController+DataSource.swift */ = {isa = PBXFileReference; lastKnownFileType = sourcecode.swift; path = "RelatedRecordsPopupsViewController+DataSource.swift"; sourceTree = "<group>"; };
		946569012087FAE700599E55 /* MapViewController+MapViewMode.swift */ = {isa = PBXFileReference; lastKnownFileType = sourcecode.swift; path = "MapViewController+MapViewMode.swift"; sourceTree = "<group>"; };
		946569032087FB5000599E55 /* MapViewController+LocationSelection.swift */ = {isa = PBXFileReference; lastKnownFileType = sourcecode.swift; path = "MapViewController+LocationSelection.swift"; sourceTree = "<group>"; };
		946569052087FBF700599E55 /* MapViewController+UserLocation.swift */ = {isa = PBXFileReference; lastKnownFileType = sourcecode.swift; path = "MapViewController+UserLocation.swift"; sourceTree = "<group>"; };
		946569092087FC5800599E55 /* MapViewController+Observers.swift */ = {isa = PBXFileReference; lastKnownFileType = sourcecode.swift; path = "MapViewController+Observers.swift"; sourceTree = "<group>"; };
		9465690B2087FCCE00599E55 /* MapViewController+Setup.swift */ = {isa = PBXFileReference; lastKnownFileType = sourcecode.swift; path = "MapViewController+Setup.swift"; sourceTree = "<group>"; };
		9465690D208800A200599E55 /* MapViewController+Delegate.swift */ = {isa = PBXFileReference; lastKnownFileType = sourcecode.swift; path = "MapViewController+Delegate.swift"; sourceTree = "<group>"; };
		9465690F208800E100599E55 /* MapViewController+TouchDelegate.swift */ = {isa = PBXFileReference; lastKnownFileType = sourcecode.swift; path = "MapViewController+TouchDelegate.swift"; sourceTree = "<group>"; };
		946569112088020F00599E55 /* AGSPopup+Extensions.swift */ = {isa = PBXFileReference; lastKnownFileType = sourcecode.swift; path = "AGSPopup+Extensions.swift"; sourceTree = "<group>"; };
		946569132088023600599E55 /* AGSPopupManager+Extensions.swift */ = {isa = PBXFileReference; lastKnownFileType = sourcecode.swift; path = "AGSPopupManager+Extensions.swift"; sourceTree = "<group>"; };
		946569152088026100599E55 /* AGSRelatedFeatureQueryResult+Extensions.swift */ = {isa = PBXFileReference; lastKnownFileType = sourcecode.swift; path = "AGSRelatedFeatureQueryResult+Extensions.swift"; sourceTree = "<group>"; };
		946569192088028E00599E55 /* AGSRelationshipInfo+Extensions.swift */ = {isa = PBXFileReference; lastKnownFileType = sourcecode.swift; path = "AGSRelationshipInfo+Extensions.swift"; sourceTree = "<group>"; };
		9465691B208802AE00599E55 /* AGSFeatureLayer+Extensions.swift */ = {isa = PBXFileReference; lastKnownFileType = sourcecode.swift; path = "AGSFeatureLayer+Extensions.swift"; sourceTree = "<group>"; };
		9465691D208802CE00599E55 /* AGSFeatureTable+Extensions.swift */ = {isa = PBXFileReference; lastKnownFileType = sourcecode.swift; path = "AGSFeatureTable+Extensions.swift"; sourceTree = "<group>"; };
		946569222088036C00599E55 /* PopupsViewControllerEmbeddable.swift */ = {isa = PBXFileReference; lastKnownFileType = sourcecode.swift; path = PopupsViewControllerEmbeddable.swift; sourceTree = "<group>"; };
		94656924208803AE00599E55 /* SmallPopupViewController.swift */ = {isa = PBXFileReference; lastKnownFileType = sourcecode.swift; path = SmallPopupViewController.swift; sourceTree = "<group>"; };
		946569262088042400599E55 /* SmallPopup.storyboard */ = {isa = PBXFileReference; fileEncoding = 4; lastKnownFileType = file.storyboard; path = SmallPopup.storyboard; sourceTree = "<group>"; };
		946569282089066800599E55 /* MapViewController+Map.swift */ = {isa = PBXFileReference; lastKnownFileType = sourcecode.swift; path = "MapViewController+Map.swift"; sourceTree = "<group>"; };
		948066322091474F00A398EA /* RelatedRecordsPopup.storyboard */ = {isa = PBXFileReference; lastKnownFileType = file.storyboard; path = RelatedRecordsPopup.storyboard; sourceTree = "<group>"; };
		948066352091483600A398EA /* RelatedRecordsPopupsViewController.swift */ = {isa = PBXFileReference; fileEncoding = 4; lastKnownFileType = sourcecode.swift; path = RelatedRecordsPopupsViewController.swift; sourceTree = "<group>"; };
		948066372091595200A398EA /* RelatedRecordsManager.swift */ = {isa = PBXFileReference; lastKnownFileType = sourcecode.swift; path = RelatedRecordsManager.swift; sourceTree = "<group>"; };
		94A8101C20AA1D7C00D4BC68 /* PopupIntegerCell.swift */ = {isa = PBXFileReference; lastKnownFileType = sourcecode.swift; path = PopupIntegerCell.swift; sourceTree = "<group>"; };
		94A8102420AFA01F00D4BC68 /* PopupAttributesManager.swift */ = {isa = PBXFileReference; lastKnownFileType = sourcecode.swift; path = PopupAttributesManager.swift; sourceTree = "<group>"; };
		94A8102820B33B2700D4BC68 /* PopupFloatCell.swift */ = {isa = PBXFileReference; lastKnownFileType = sourcecode.swift; path = PopupFloatCell.swift; sourceTree = "<group>"; };
		94A8102A20B33B9200D4BC68 /* PopupStringCell.swift */ = {isa = PBXFileReference; lastKnownFileType = sourcecode.swift; path = PopupStringCell.swift; sourceTree = "<group>"; };
		94A8102C20B33C0E00D4BC68 /* PopupDateCell.swift */ = {isa = PBXFileReference; lastKnownFileType = sourcecode.swift; path = PopupDateCell.swift; sourceTree = "<group>"; };
		94A8102E20B33C3B00D4BC68 /* PopupIDCell.swift */ = {isa = PBXFileReference; lastKnownFileType = sourcecode.swift; path = PopupIDCell.swift; sourceTree = "<group>"; };
		94A8103020B35A9100D4BC68 /* RelatedRecordsPopupsViewController+PopupManagerDelegate.swift */ = {isa = PBXFileReference; lastKnownFileType = sourcecode.swift; path = "RelatedRecordsPopupsViewController+PopupManagerDelegate.swift"; sourceTree = "<group>"; };
		94A8103220B4BF8800D4BC68 /* AGSPopupDateFormat+Extensions.swift */ = {isa = PBXFileReference; lastKnownFileType = sourcecode.swift; path = "AGSPopupDateFormat+Extensions.swift"; sourceTree = "<group>"; };
		94B37598207E8D5600691F2A /* AddressLocator.locb */ = {isa = PBXFileReference; lastKnownFileType = file; path = AddressLocator.locb; sourceTree = "<group>"; };
		94B37599207E8D5600691F2A /* AddressLocator.loc.xml */ = {isa = PBXFileReference; fileEncoding = 4; lastKnownFileType = text.xml; path = AddressLocator.loc.xml; sourceTree = "<group>"; };
		94B3759A207E8D5600691F2A /* AddressLocator.lox */ = {isa = PBXFileReference; lastKnownFileType = file; path = AddressLocator.lox; sourceTree = "<group>"; };
		94B3759B207E8D5600691F2A /* AddressLocator.loc */ = {isa = PBXFileReference; fileEncoding = 4; lastKnownFileType = text; path = AddressLocator.loc; sourceTree = "<group>"; };
		94B3759E207E8D5600691F2A /* AppFiles.swift */ = {isa = PBXFileReference; fileEncoding = 4; lastKnownFileType = sourcecode.swift; path = AppFiles.swift; sourceTree = "<group>"; };
		94B3759F207E8D5600691F2A /* AppConfiguration.swift */ = {isa = PBXFileReference; fileEncoding = 4; lastKnownFileType = sourcecode.swift; path = AppConfiguration.swift; sourceTree = "<group>"; };
		94B375A0207E8D5600691F2A /* AppOfflineMapJobConstruct.swift */ = {isa = PBXFileReference; fileEncoding = 4; lastKnownFileType = sourcecode.swift; path = AppOfflineMapJobConstruct.swift; sourceTree = "<group>"; };
		94B375A1207E8D5600691F2A /* AppDefaults.swift */ = {isa = PBXFileReference; fileEncoding = 4; lastKnownFileType = sourcecode.swift; path = AppDefaults.swift; sourceTree = "<group>"; };
		94B375A2207E8D5600691F2A /* AppErrors.swift */ = {isa = PBXFileReference; fileEncoding = 4; lastKnownFileType = sourcecode.swift; path = AppErrors.swift; sourceTree = "<group>"; };
		94B375A3207E8D5600691F2A /* AppNotifications.swift */ = {isa = PBXFileReference; fileEncoding = 4; lastKnownFileType = sourcecode.swift; path = AppNotifications.swift; sourceTree = "<group>"; };
		94B375A4207E8D5600691F2A /* AppLocation.swift */ = {isa = PBXFileReference; fileEncoding = 4; lastKnownFileType = sourcecode.swift; path = AppLocation.swift; sourceTree = "<group>"; };
		94B375A6207E8D5600691F2A /* AppContext+Login.swift */ = {isa = PBXFileReference; fileEncoding = 4; lastKnownFileType = sourcecode.swift; path = "AppContext+Login.swift"; sourceTree = "<group>"; };
		94B375A7207E8D5600691F2A /* AppContext+WorkMode.swift */ = {isa = PBXFileReference; fileEncoding = 4; lastKnownFileType = sourcecode.swift; path = "AppContext+WorkMode.swift"; sourceTree = "<group>"; };
		94B375A8207E8D5600691F2A /* AppContext.swift */ = {isa = PBXFileReference; fileEncoding = 4; lastKnownFileType = sourcecode.swift; path = AppContext.swift; sourceTree = "<group>"; };
		94B375A9207E8D5600691F2A /* AppGlobals.swift */ = {isa = PBXFileReference; fileEncoding = 4; lastKnownFileType = sourcecode.swift; path = AppGlobals.swift; sourceTree = "<group>"; };
		94B375AC207E8D5600691F2A /* NetworkReachabilityManager.swift */ = {isa = PBXFileReference; fileEncoding = 4; lastKnownFileType = sourcecode.swift; path = NetworkReachabilityManager.swift; sourceTree = "<group>"; };
		94B375AE207E8D5600691F2A /* SVRadialGradientLayer.m */ = {isa = PBXFileReference; fileEncoding = 4; lastKnownFileType = sourcecode.c.objc; path = SVRadialGradientLayer.m; sourceTree = "<group>"; };
		94B375AF207E8D5600691F2A /* SVIndefiniteAnimatedView.h */ = {isa = PBXFileReference; fileEncoding = 4; lastKnownFileType = sourcecode.c.h; path = SVIndefiniteAnimatedView.h; sourceTree = "<group>"; };
		94B375B0207E8D5600691F2A /* SVProgressHUD.h */ = {isa = PBXFileReference; fileEncoding = 4; lastKnownFileType = sourcecode.c.h; path = SVProgressHUD.h; sourceTree = "<group>"; };
		94B375B1207E8D5600691F2A /* SVProgressAnimatedView.m */ = {isa = PBXFileReference; fileEncoding = 4; lastKnownFileType = sourcecode.c.objc; path = SVProgressAnimatedView.m; sourceTree = "<group>"; };
		94B375B2207E8D5600691F2A /* SVProgressHUD-Prefix.pch */ = {isa = PBXFileReference; fileEncoding = 4; lastKnownFileType = sourcecode.c.h; path = "SVProgressHUD-Prefix.pch"; sourceTree = "<group>"; };
		94B375B3207E8D5600691F2A /* SVRadialGradientLayer.h */ = {isa = PBXFileReference; fileEncoding = 4; lastKnownFileType = sourcecode.c.h; path = SVRadialGradientLayer.h; sourceTree = "<group>"; };
		94B375B4207E8D5600691F2A /* data-collection-Bridging-Header.h */ = {isa = PBXFileReference; fileEncoding = 4; lastKnownFileType = sourcecode.c.h; path = "data-collection-Bridging-Header.h"; sourceTree = "<group>"; };
		94B375B5207E8D5600691F2A /* SVProgressHUD.m */ = {isa = PBXFileReference; fileEncoding = 4; lastKnownFileType = sourcecode.c.objc; path = SVProgressHUD.m; sourceTree = "<group>"; };
		94B375B6207E8D5600691F2A /* LICENSE.txt */ = {isa = PBXFileReference; fileEncoding = 4; lastKnownFileType = text; path = LICENSE.txt; sourceTree = "<group>"; };
		94B375B7207E8D5600691F2A /* SVIndefiniteAnimatedView.m */ = {isa = PBXFileReference; fileEncoding = 4; lastKnownFileType = sourcecode.c.objc; path = SVIndefiniteAnimatedView.m; sourceTree = "<group>"; };
		94B375B8207E8D5600691F2A /* SVProgressHUD.bundle */ = {isa = PBXFileReference; lastKnownFileType = "wrapper.plug-in"; path = SVProgressHUD.bundle; sourceTree = "<group>"; };
		94B375B9207E8D5600691F2A /* SVProgressAnimatedView.h */ = {isa = PBXFileReference; fileEncoding = 4; lastKnownFileType = sourcecode.c.h; path = SVProgressAnimatedView.h; sourceTree = "<group>"; };
		94B375BB207E8D5600691F2A /* EphemeralCache.swift */ = {isa = PBXFileReference; fileEncoding = 4; lastKnownFileType = sourcecode.swift; path = EphemeralCache.swift; sourceTree = "<group>"; };
		94B375D4207E8DD600691F2A /* GeocodeSearchManager.swift */ = {isa = PBXFileReference; fileEncoding = 4; lastKnownFileType = sourcecode.swift; path = GeocodeSearchManager.swift; sourceTree = "<group>"; };
		94B375D5207E8DD600691F2A /* EditType.swift */ = {isa = PBXFileReference; fileEncoding = 4; lastKnownFileType = sourcecode.swift; path = EditType.swift; sourceTree = "<group>"; };
		94B375DB207E8E4800691F2A /* AGSLoadStatus+Extensions.swift */ = {isa = PBXFileReference; fileEncoding = 4; lastKnownFileType = sourcecode.swift; path = "AGSLoadStatus+Extensions.swift"; sourceTree = "<group>"; };
		94B375DC207E8E4800691F2A /* AGSQueryParameter+Extensions.swift */ = {isa = PBXFileReference; fileEncoding = 4; lastKnownFileType = sourcecode.swift; path = "AGSQueryParameter+Extensions.swift"; sourceTree = "<group>"; };
		94B375DD207E8E4800691F2A /* AGSJobStatus+Extensions.swift */ = {isa = PBXFileReference; fileEncoding = 4; lastKnownFileType = sourcecode.swift; path = "AGSJobStatus+Extensions.swift"; sourceTree = "<group>"; };
		94B375DE207E8E4800691F2A /* AGSMapView+Extensions.swift */ = {isa = PBXFileReference; fileEncoding = 4; lastKnownFileType = sourcecode.swift; path = "AGSMapView+Extensions.swift"; sourceTree = "<group>"; };
		94B375DF207E8E4800691F2A /* AGSPortal+Extensions.swift */ = {isa = PBXFileReference; fileEncoding = 4; lastKnownFileType = sourcecode.swift; path = "AGSPortal+Extensions.swift"; sourceTree = "<group>"; };
		94B375E1207E8E4800691F2A /* AGSDrawStatus+Extensions.swift */ = {isa = PBXFileReference; fileEncoding = 4; lastKnownFileType = sourcecode.swift; path = "AGSDrawStatus+Extensions.swift"; sourceTree = "<group>"; };
		94B375E2207E8E4800691F2A /* AGSArcGISFeature+Extensions.swift */ = {isa = PBXFileReference; fileEncoding = 4; lastKnownFileType = sourcecode.swift; path = "AGSArcGISFeature+Extensions.swift"; sourceTree = "<group>"; };
		94B375E4207E8E4800691F2A /* UIViewController+Extensions.swift */ = {isa = PBXFileReference; fileEncoding = 4; lastKnownFileType = sourcecode.swift; path = "UIViewController+Extensions.swift"; sourceTree = "<group>"; };
		94B375E5207E8E4800691F2A /* UIButton+Extensions.swift */ = {isa = PBXFileReference; fileEncoding = 4; lastKnownFileType = sourcecode.swift; path = "UIButton+Extensions.swift"; sourceTree = "<group>"; };
		94B375E6207E8E4800691F2A /* UIView+Extensions.swift */ = {isa = PBXFileReference; fileEncoding = 4; lastKnownFileType = sourcecode.swift; path = "UIView+Extensions.swift"; sourceTree = "<group>"; };
		94B375E7207E8E4800691F2A /* UIColor+Extensions.swift */ = {isa = PBXFileReference; fileEncoding = 4; lastKnownFileType = sourcecode.swift; path = "UIColor+Extensions.swift"; sourceTree = "<group>"; };
		94B375E8207E8E4800691F2A /* UIImage+Extensions.swift */ = {isa = PBXFileReference; fileEncoding = 4; lastKnownFileType = sourcecode.swift; path = "UIImage+Extensions.swift"; sourceTree = "<group>"; };
		94B375E9207E8E4800691F2A /* UIStoryboardSegue+Extensions.swift */ = {isa = PBXFileReference; fileEncoding = 4; lastKnownFileType = sourcecode.swift; path = "UIStoryboardSegue+Extensions.swift"; sourceTree = "<group>"; };
		94B375EA207E8E4800691F2A /* UIAlertController+Extensions.swift */ = {isa = PBXFileReference; fileEncoding = 4; lastKnownFileType = sourcecode.swift; path = "UIAlertController+Extensions.swift"; sourceTree = "<group>"; };
		94B375EC207E8E4800691F2A /* DispatchGroup+Extensions.swift */ = {isa = PBXFileReference; fileEncoding = 4; lastKnownFileType = sourcecode.swift; path = "DispatchGroup+Extensions.swift"; sourceTree = "<group>"; };
		94B375ED207E8E4800691F2A /* BasicTypes+Extensions.swift */ = {isa = PBXFileReference; fileEncoding = 4; lastKnownFileType = sourcecode.swift; path = "BasicTypes+Extensions.swift"; sourceTree = "<group>"; };
		94B375EF207E8E4800691F2A /* CGGeometry+Extensions.swift */ = {isa = PBXFileReference; fileEncoding = 4; lastKnownFileType = sourcecode.swift; path = "CGGeometry+Extensions.swift"; sourceTree = "<group>"; };
		94B3760B207EAE4600691F2A /* AppDelegate.swift */ = {isa = PBXFileReference; fileEncoding = 4; lastKnownFileType = sourcecode.swift; path = AppDelegate.swift; sourceTree = "<group>"; };
		94B3760D207EAEA100691F2A /* ArcGIS.bundle */ = {isa = PBXFileReference; lastKnownFileType = "wrapper.plug-in"; name = ArcGIS.bundle; path = ../../../../../../../../Library/SDKs/ArcGIS/iOS/Frameworks/Static/ArcGIS.framework/Versions/Current/Resources/ArcGIS.bundle; sourceTree = "<group>"; };
		94D544B4207FC15C00ED0D04 /* DrawerViewController.swift */ = {isa = PBXFileReference; fileEncoding = 4; lastKnownFileType = sourcecode.swift; path = DrawerViewController.swift; sourceTree = "<group>"; };
		94D544B6207FC15D00ED0D04 /* AppContainerViewController+DrawerDelegate.swift */ = {isa = PBXFileReference; fileEncoding = 4; lastKnownFileType = sourcecode.swift; path = "AppContainerViewController+DrawerDelegate.swift"; sourceTree = "<group>"; };
		94D544B7207FC15D00ED0D04 /* AppContainerViewController.swift */ = {isa = PBXFileReference; fileEncoding = 4; lastKnownFileType = sourcecode.swift; path = AppContainerViewController.swift; sourceTree = "<group>"; };
		94D544B8207FC15D00ED0D04 /* AppContainerViewController+MapDelegate.swift */ = {isa = PBXFileReference; fileEncoding = 4; lastKnownFileType = sourcecode.swift; path = "AppContainerViewController+MapDelegate.swift"; sourceTree = "<group>"; };
		94D544B9207FC15D00ED0D04 /* AppContainerViewController+JobStatusDelegate.swift */ = {isa = PBXFileReference; fileEncoding = 4; lastKnownFileType = sourcecode.swift; path = "AppContainerViewController+JobStatusDelegate.swift"; sourceTree = "<group>"; };
		94D544BA207FC15D00ED0D04 /* AppContextAwareController.swift */ = {isa = PBXFileReference; fileEncoding = 4; lastKnownFileType = sourcecode.swift; path = AppContextAwareController.swift; sourceTree = "<group>"; };
		94D544BB207FC15D00ED0D04 /* DownloadMaskViewController.swift */ = {isa = PBXFileReference; fileEncoding = 4; lastKnownFileType = sourcecode.swift; path = DownloadMaskViewController.swift; sourceTree = "<group>"; };
		94D544BC207FC15D00ED0D04 /* JobStatusViewController.swift */ = {isa = PBXFileReference; fileEncoding = 4; lastKnownFileType = sourcecode.swift; path = JobStatusViewController.swift; sourceTree = "<group>"; };
		94D544C5207FC20700ED0D04 /* MapViewController+Mask.swift */ = {isa = PBXFileReference; fileEncoding = 4; lastKnownFileType = sourcecode.swift; path = "MapViewController+Mask.swift"; sourceTree = "<group>"; };
		94D544C7207FC67A00ED0D04 /* Assets.xcassets */ = {isa = PBXFileReference; lastKnownFileType = folder.assetcatalog; name = Assets.xcassets; path = "data-collection/Assets.xcassets"; sourceTree = SOURCE_ROOT; };
		94D544C8207FC67B00ED0D04 /* AppIcon.xcassets */ = {isa = PBXFileReference; lastKnownFileType = folder.assetcatalog; name = AppIcon.xcassets; path = "data-collection/AppIcon.xcassets"; sourceTree = SOURCE_ROOT; };
		94D544D120852A5100ED0D04 /* NotificationBarLabel.swift */ = {isa = PBXFileReference; fileEncoding = 4; lastKnownFileType = sourcecode.swift; path = NotificationBarLabel.swift; sourceTree = "<group>"; };
		94D544D220852A5100ED0D04 /* CompassView.swift */ = {isa = PBXFileReference; fileEncoding = 4; lastKnownFileType = sourcecode.swift; path = CompassView.swift; sourceTree = "<group>"; };
		94D544D320852A5100ED0D04 /* ShrinkingView.swift */ = {isa = PBXFileReference; fileEncoding = 4; lastKnownFileType = sourcecode.swift; path = ShrinkingView.swift; sourceTree = "<group>"; };
		94D544D420852A5100ED0D04 /* PinDropView.swift */ = {isa = PBXFileReference; fileEncoding = 4; lastKnownFileType = sourcecode.swift; path = PinDropView.swift; sourceTree = "<group>"; };
		94D544D520852A5100ED0D04 /* ActivityBarView.swift */ = {isa = PBXFileReference; fileEncoding = 4; lastKnownFileType = sourcecode.swift; path = ActivityBarView.swift; sourceTree = "<group>"; };
		94FA8B1F207BF2CD00972C75 /* data-collection.app */ = {isa = PBXFileReference; explicitFileType = wrapper.application; includeInIndex = 0; path = "data-collection.app"; sourceTree = BUILT_PRODUCTS_DIR; };
		94FA8B24207BF2CD00972C75 /* MapViewController.swift */ = {isa = PBXFileReference; lastKnownFileType = sourcecode.swift; path = MapViewController.swift; sourceTree = "<group>"; };
		94FA8B27207BF2CD00972C75 /* Base */ = {isa = PBXFileReference; lastKnownFileType = file.storyboard; name = Base; path = Base.lproj/MapViewController.storyboard; sourceTree = "<group>"; };
		94FA8B2C207BF2CD00972C75 /* Base */ = {isa = PBXFileReference; lastKnownFileType = file.storyboard; name = Base; path = Base.lproj/LaunchScreen.storyboard; sourceTree = "<group>"; };
		94FA8B2E207BF2CD00972C75 /* Info.plist */ = {isa = PBXFileReference; lastKnownFileType = text.plist.xml; path = Info.plist; sourceTree = "<group>"; };
		94FA8B33207BF2CD00972C75 /* data-collectionTests.xctest */ = {isa = PBXFileReference; explicitFileType = wrapper.cfbundle; includeInIndex = 0; path = "data-collectionTests.xctest"; sourceTree = BUILT_PRODUCTS_DIR; };
		94FA8B37207BF2CD00972C75 /* data_collectionTests.swift */ = {isa = PBXFileReference; lastKnownFileType = sourcecode.swift; path = data_collectionTests.swift; sourceTree = "<group>"; };
		94FA8B39207BF2CD00972C75 /* Info.plist */ = {isa = PBXFileReference; lastKnownFileType = text.plist.xml; path = Info.plist; sourceTree = "<group>"; };
		94FA8B3E207BF2CD00972C75 /* data-collectionUITests.xctest */ = {isa = PBXFileReference; explicitFileType = wrapper.cfbundle; includeInIndex = 0; path = "data-collectionUITests.xctest"; sourceTree = BUILT_PRODUCTS_DIR; };
		94FA8B42207BF2CD00972C75 /* data_collectionUITests.swift */ = {isa = PBXFileReference; lastKnownFileType = sourcecode.swift; path = data_collectionUITests.swift; sourceTree = "<group>"; };
		94FA8B44207BF2CD00972C75 /* Info.plist */ = {isa = PBXFileReference; lastKnownFileType = text.plist.xml; path = Info.plist; sourceTree = "<group>"; };
/* End PBXFileReference section */

/* Begin PBXFrameworksBuildPhase section */
		94FA8B1C207BF2CD00972C75 /* Frameworks */ = {
			isa = PBXFrameworksBuildPhase;
			buildActionMask = 2147483647;
			files = (
			);
			runOnlyForDeploymentPostprocessing = 0;
		};
		94FA8B30207BF2CD00972C75 /* Frameworks */ = {
			isa = PBXFrameworksBuildPhase;
			buildActionMask = 2147483647;
			files = (
			);
			runOnlyForDeploymentPostprocessing = 0;
		};
		94FA8B3B207BF2CD00972C75 /* Frameworks */ = {
			isa = PBXFrameworksBuildPhase;
			buildActionMask = 2147483647;
			files = (
			);
			runOnlyForDeploymentPostprocessing = 0;
		};
/* End PBXFrameworksBuildPhase section */

/* Begin PBXGroup section */
		940DA9732097939A00AB4BF6 /* Field Cells */ = {
			isa = PBXGroup;
			children = (
				94A8102720B33B0C00D4BC68 /* Final */,
				94A8102620B33AFF00D4BC68 /* Base */,
				94A8102420AFA01F00D4BC68 /* PopupAttributesManager.swift */,
			);
			path = "Field Cells";
			sourceTree = "<group>";
		};
		9412D211209937760031F9EB /* Related Records Cells */ = {
			isa = PBXGroup;
			children = (
				948066372091595200A398EA /* RelatedRecordsManager.swift */,
				9412D212209937950031F9EB /* RelatedRecordCell.swift */,
			);
			path = "Related Records Cells";
			sourceTree = "<group>";
		};
		9419C798208A97630060D104 /* Storyboards */ = {
			isa = PBXGroup;
			children = (
				94FA8B26207BF2CD00972C75 /* MapViewController.storyboard */,
				946569262088042400599E55 /* SmallPopup.storyboard */,
				948066322091474F00A398EA /* RelatedRecordsPopup.storyboard */,
			);
			path = Storyboards;
			sourceTree = "<group>";
		};
		946569212088033700599E55 /* Embed Popup View Controller */ = {
			isa = PBXGroup;
			children = (
				946569222088036C00599E55 /* PopupsViewControllerEmbeddable.swift */,
				94656924208803AE00599E55 /* SmallPopupViewController.swift */,
			);
			path = "Embed Popup View Controller";
			sourceTree = "<group>";
		};
		94806634209147CE00A398EA /* Related Records Popups View Controller */ = {
			isa = PBXGroup;
			children = (
				9412D211209937760031F9EB /* Related Records Cells */,
				940DA9732097939A00AB4BF6 /* Field Cells */,
				948066352091483600A398EA /* RelatedRecordsPopupsViewController.swift */,
				94A8103020B35A9100D4BC68 /* RelatedRecordsPopupsViewController+PopupManagerDelegate.swift */,
				9412D214209937E50031F9EB /* RelatedRecordsPopupsViewController+Delegate.swift */,
				9412D2162099382C0031F9EB /* RelatedRecordsPopupsViewController+DataSource.swift */,
			);
			path = "Related Records Popups View Controller";
			sourceTree = "<group>";
		};
		94A8102620B33AFF00D4BC68 /* Base */ = {
			isa = PBXGroup;
			children = (
				940DA9742097942000AB4BF6 /* PopupFieldCell.swift */,
				940DA976209794E200AB4BF6 /* PopupTextFieldCell.swift */,
				940DA9782097951000AB4BF6 /* PopupTextViewCell.swift */,
			);
			path = Base;
			sourceTree = "<group>";
		};
		94A8102720B33B0C00D4BC68 /* Final */ = {
			isa = PBXGroup;
			children = (
				94A8101C20AA1D7C00D4BC68 /* PopupIntegerCell.swift */,
				94A8102820B33B2700D4BC68 /* PopupFloatCell.swift */,
				94A8102A20B33B9200D4BC68 /* PopupStringCell.swift */,
				94A8102C20B33C0E00D4BC68 /* PopupDateCell.swift */,
				94A8102E20B33C3B00D4BC68 /* PopupIDCell.swift */,
			);
			path = Final;
			sourceTree = "<group>";
		};
		94B37597207E8D5600691F2A /* Locator */ = {
			isa = PBXGroup;
			children = (
				94B37598207E8D5600691F2A /* AddressLocator.locb */,
				94B37599207E8D5600691F2A /* AddressLocator.loc.xml */,
				94B3759A207E8D5600691F2A /* AddressLocator.lox */,
				94B3759B207E8D5600691F2A /* AddressLocator.loc */,
			);
			path = Locator;
			sourceTree = "<group>";
		};
		94B3759D207E8D5600691F2A /* Utilities */ = {
			isa = PBXGroup;
			children = (
				94B3759E207E8D5600691F2A /* AppFiles.swift */,
				94B3759F207E8D5600691F2A /* AppConfiguration.swift */,
				94B375A0207E8D5600691F2A /* AppOfflineMapJobConstruct.swift */,
				94B375A1207E8D5600691F2A /* AppDefaults.swift */,
				94B375A2207E8D5600691F2A /* AppErrors.swift */,
				94B375A3207E8D5600691F2A /* AppNotifications.swift */,
				94B375A4207E8D5600691F2A /* AppLocation.swift */,
				94B375A5207E8D5600691F2A /* AppContext */,
				94B375A9207E8D5600691F2A /* AppGlobals.swift */,
			);
			path = Utilities;
			sourceTree = "<group>";
		};
		94B375A5207E8D5600691F2A /* AppContext */ = {
			isa = PBXGroup;
			children = (
				94B375A6207E8D5600691F2A /* AppContext+Login.swift */,
				94B375A7207E8D5600691F2A /* AppContext+WorkMode.swift */,
				94B375A8207E8D5600691F2A /* AppContext.swift */,
			);
			path = AppContext;
			sourceTree = "<group>";
		};
		94B375AA207E8D5600691F2A /* 3rd Party */ = {
			isa = PBXGroup;
			children = (
				94B375AB207E8D5600691F2A /* Alamofire */,
				94B375AD207E8D5600691F2A /* SVProgressHUD */,
			);
			path = "3rd Party";
			sourceTree = "<group>";
		};
		94B375AB207E8D5600691F2A /* Alamofire */ = {
			isa = PBXGroup;
			children = (
				94B375AC207E8D5600691F2A /* NetworkReachabilityManager.swift */,
			);
			path = Alamofire;
			sourceTree = "<group>";
		};
		94B375AD207E8D5600691F2A /* SVProgressHUD */ = {
			isa = PBXGroup;
			children = (
				94B375AE207E8D5600691F2A /* SVRadialGradientLayer.m */,
				94B375AF207E8D5600691F2A /* SVIndefiniteAnimatedView.h */,
				94B375B0207E8D5600691F2A /* SVProgressHUD.h */,
				94B375B1207E8D5600691F2A /* SVProgressAnimatedView.m */,
				94B375B2207E8D5600691F2A /* SVProgressHUD-Prefix.pch */,
				94B375B3207E8D5600691F2A /* SVRadialGradientLayer.h */,
				94B375B4207E8D5600691F2A /* data-collection-Bridging-Header.h */,
				94B375B5207E8D5600691F2A /* SVProgressHUD.m */,
				94B375B6207E8D5600691F2A /* LICENSE.txt */,
				94B375B7207E8D5600691F2A /* SVIndefiniteAnimatedView.m */,
				94B375B8207E8D5600691F2A /* SVProgressHUD.bundle */,
				94B375B9207E8D5600691F2A /* SVProgressAnimatedView.h */,
			);
			path = SVProgressHUD;
			sourceTree = "<group>";
		};
		94B375BA207E8D5600691F2A /* Tools */ = {
			isa = PBXGroup;
			children = (
				94B375BB207E8D5600691F2A /* EphemeralCache.swift */,
			);
			path = Tools;
			sourceTree = "<group>";
		};
		94B375D3207E8DD600691F2A /* Geocode Search */ = {
			isa = PBXGroup;
			children = (
				94B375D4207E8DD600691F2A /* GeocodeSearchManager.swift */,
			);
			path = "Geocode Search";
			sourceTree = "<group>";
		};
		94B375D8207E8E4800691F2A /* Extensions */ = {
			isa = PBXGroup;
			children = (
				94B375DA207E8E4800691F2A /* ArcGIS */,
				94B375E3207E8E4800691F2A /* UIKit */,
				94B375EB207E8E4800691F2A /* Foundation */,
				94B375EE207E8E4800691F2A /* Core Graphics */,
			);
			path = Extensions;
			sourceTree = "<group>";
		};
		94B375DA207E8E4800691F2A /* ArcGIS */ = {
			isa = PBXGroup;
			children = (
				94B375DB207E8E4800691F2A /* AGSLoadStatus+Extensions.swift */,
				94B375DC207E8E4800691F2A /* AGSQueryParameter+Extensions.swift */,
				94B375DD207E8E4800691F2A /* AGSJobStatus+Extensions.swift */,
				94B375DE207E8E4800691F2A /* AGSMapView+Extensions.swift */,
				94B375DF207E8E4800691F2A /* AGSPortal+Extensions.swift */,
				94B375E1207E8E4800691F2A /* AGSDrawStatus+Extensions.swift */,
				94B375E2207E8E4800691F2A /* AGSArcGISFeature+Extensions.swift */,
				946569112088020F00599E55 /* AGSPopup+Extensions.swift */,
				946569132088023600599E55 /* AGSPopupManager+Extensions.swift */,
				946569152088026100599E55 /* AGSRelatedFeatureQueryResult+Extensions.swift */,
				946569192088028E00599E55 /* AGSRelationshipInfo+Extensions.swift */,
				9465691B208802AE00599E55 /* AGSFeatureLayer+Extensions.swift */,
				9465691D208802CE00599E55 /* AGSFeatureTable+Extensions.swift */,
				940DA97A2098E1C600AB4BF6 /* AGSArcGISFeatureTable+Extensions.swift */,
				94A8103220B4BF8800D4BC68 /* AGSPopupDateFormat+Extensions.swift */,
			);
			path = ArcGIS;
			sourceTree = "<group>";
		};
		94B375E3207E8E4800691F2A /* UIKit */ = {
			isa = PBXGroup;
			children = (
				94B375E4207E8E4800691F2A /* UIViewController+Extensions.swift */,
				94B375E5207E8E4800691F2A /* UIButton+Extensions.swift */,
				94B375E6207E8E4800691F2A /* UIView+Extensions.swift */,
				94B375E7207E8E4800691F2A /* UIColor+Extensions.swift */,
				94B375E8207E8E4800691F2A /* UIImage+Extensions.swift */,
				94B375E9207E8E4800691F2A /* UIStoryboardSegue+Extensions.swift */,
				94B375EA207E8E4800691F2A /* UIAlertController+Extensions.swift */,
				940DA9712097825700AB4BF6 /* UILabel+Extensions.swift */,
			);
			path = UIKit;
			sourceTree = "<group>";
		};
		94B375EB207E8E4800691F2A /* Foundation */ = {
			isa = PBXGroup;
			children = (
				94B375EC207E8E4800691F2A /* DispatchGroup+Extensions.swift */,
				94B375ED207E8E4800691F2A /* BasicTypes+Extensions.swift */,
			);
			path = Foundation;
			sourceTree = "<group>";
		};
		94B375EE207E8E4800691F2A /* Core Graphics */ = {
			isa = PBXGroup;
			children = (
				94B375EF207E8E4800691F2A /* CGGeometry+Extensions.swift */,
			);
			path = "Core Graphics";
			sourceTree = "<group>";
		};
		94D544B5207FC15D00ED0D04 /* App Container */ = {
			isa = PBXGroup;
			children = (
				94D544B6207FC15D00ED0D04 /* AppContainerViewController+DrawerDelegate.swift */,
				94D544B7207FC15D00ED0D04 /* AppContainerViewController.swift */,
				94D544B8207FC15D00ED0D04 /* AppContainerViewController+MapDelegate.swift */,
				94D544B9207FC15D00ED0D04 /* AppContainerViewController+JobStatusDelegate.swift */,
			);
			path = "App Container";
			sourceTree = "<group>";
		};
		94D544CF208511FB00ED0D04 /* Map View Controller */ = {
			isa = PBXGroup;
			children = (
				94FA8B24207BF2CD00972C75 /* MapViewController.swift */,
				9465690D208800A200599E55 /* MapViewController+Delegate.swift */,
				9465690F208800E100599E55 /* MapViewController+TouchDelegate.swift */,
				94D544C5207FC20700ED0D04 /* MapViewController+Mask.swift */,
				946569012087FAE700599E55 /* MapViewController+MapViewMode.swift */,
				946569032087FB5000599E55 /* MapViewController+LocationSelection.swift */,
				946569052087FBF700599E55 /* MapViewController+UserLocation.swift */,
				946569092087FC5800599E55 /* MapViewController+Observers.swift */,
				9465690B2087FCCE00599E55 /* MapViewController+Setup.swift */,
				946569282089066800599E55 /* MapViewController+Map.swift */,
			);
			path = "Map View Controller";
			sourceTree = "<group>";
		};
		94D544D020852A5100ED0D04 /* Views */ = {
			isa = PBXGroup;
			children = (
				94D544D120852A5100ED0D04 /* NotificationBarLabel.swift */,
				94D544D220852A5100ED0D04 /* CompassView.swift */,
				94D544D320852A5100ED0D04 /* ShrinkingView.swift */,
				94D544D420852A5100ED0D04 /* PinDropView.swift */,
				94D544D520852A5100ED0D04 /* ActivityBarView.swift */,
			);
			path = Views;
			sourceTree = "<group>";
		};
		94FA8B16207BF2CD00972C75 = {
			isa = PBXGroup;
			children = (
				94FA8B21207BF2CD00972C75 /* data-collection */,
				94FA8B52207BF58B00972C75 /* Resources */,
				94FA8B36207BF2CD00972C75 /* data-collectionTests */,
				94FA8B41207BF2CD00972C75 /* data-collectionUITests */,
				94FA8B20207BF2CD00972C75 /* Products */,
			);
			sourceTree = "<group>";
		};
		94FA8B20207BF2CD00972C75 /* Products */ = {
			isa = PBXGroup;
			children = (
				94FA8B1F207BF2CD00972C75 /* data-collection.app */,
				94FA8B33207BF2CD00972C75 /* data-collectionTests.xctest */,
				94FA8B3E207BF2CD00972C75 /* data-collectionUITests.xctest */,
			);
			name = Products;
			sourceTree = "<group>";
		};
		94FA8B21207BF2CD00972C75 /* data-collection */ = {
			isa = PBXGroup;
			children = (
				94B3760B207EAE4600691F2A /* AppDelegate.swift */,
				94B375D8207E8E4800691F2A /* Extensions */,
				94B375D5207E8DD600691F2A /* EditType.swift */,
				94B375D3207E8DD600691F2A /* Geocode Search */,
				94B375AA207E8D5600691F2A /* 3rd Party */,
				94B3759D207E8D5600691F2A /* Utilities */,
				94B37597207E8D5600691F2A /* Locator */,
				94B375BA207E8D5600691F2A /* Tools */,
				94FA8B54207BF5DF00972C75 /* View Controllers */,
				94FA8B55207BF5EC00972C75 /* UI */,
			);
			path = "data-collection";
			sourceTree = "<group>";
		};
		94FA8B36207BF2CD00972C75 /* data-collectionTests */ = {
			isa = PBXGroup;
			children = (
				94FA8B37207BF2CD00972C75 /* data_collectionTests.swift */,
				94FA8B39207BF2CD00972C75 /* Info.plist */,
			);
			path = "data-collectionTests";
			sourceTree = "<group>";
		};
		94FA8B41207BF2CD00972C75 /* data-collectionUITests */ = {
			isa = PBXGroup;
			children = (
				94FA8B42207BF2CD00972C75 /* data_collectionUITests.swift */,
				94FA8B44207BF2CD00972C75 /* Info.plist */,
			);
			path = "data-collectionUITests";
			sourceTree = "<group>";
		};
		94FA8B52207BF58B00972C75 /* Resources */ = {
			isa = PBXGroup;
			children = (
				94D544C8207FC67B00ED0D04 /* AppIcon.xcassets */,
				94D544C7207FC67A00ED0D04 /* Assets.xcassets */,
				94B3760D207EAEA100691F2A /* ArcGIS.bundle */,
				94FA8B2E207BF2CD00972C75 /* Info.plist */,
				94FA8B2B207BF2CD00972C75 /* LaunchScreen.storyboard */,
			);
			path = Resources;
			sourceTree = "<group>";
		};
		94FA8B54207BF5DF00972C75 /* View Controllers */ = {
			isa = PBXGroup;
			children = (
				94806634209147CE00A398EA /* Related Records Popups View Controller */,
				946569212088033700599E55 /* Embed Popup View Controller */,
				94D544CF208511FB00ED0D04 /* Map View Controller */,
				94D544B5207FC15D00ED0D04 /* App Container */,
				94D544BA207FC15D00ED0D04 /* AppContextAwareController.swift */,
				94D544BB207FC15D00ED0D04 /* DownloadMaskViewController.swift */,
				94D544B4207FC15C00ED0D04 /* DrawerViewController.swift */,
				94D544BC207FC15D00ED0D04 /* JobStatusViewController.swift */,
			);
			path = "View Controllers";
			sourceTree = "<group>";
		};
		94FA8B55207BF5EC00972C75 /* UI */ = {
			isa = PBXGroup;
			children = (
				9419C798208A97630060D104 /* Storyboards */,
				94D544D020852A5100ED0D04 /* Views */,
			);
			path = UI;
			sourceTree = "<group>";
		};
/* End PBXGroup section */

/* Begin PBXNativeTarget section */
		94FA8B1E207BF2CD00972C75 /* data-collection */ = {
			isa = PBXNativeTarget;
			buildConfigurationList = 94FA8B47207BF2CD00972C75 /* Build configuration list for PBXNativeTarget "data-collection" */;
			buildPhases = (
				94FA8B1B207BF2CD00972C75 /* Sources */,
				94FA8B1C207BF2CD00972C75 /* Frameworks */,
				94FA8B1D207BF2CD00972C75 /* Resources */,
			);
			buildRules = (
			);
			dependencies = (
			);
			name = "data-collection";
			productName = "data-collection";
			productReference = 94FA8B1F207BF2CD00972C75 /* data-collection.app */;
			productType = "com.apple.product-type.application";
		};
		94FA8B32207BF2CD00972C75 /* data-collectionTests */ = {
			isa = PBXNativeTarget;
			buildConfigurationList = 94FA8B4A207BF2CD00972C75 /* Build configuration list for PBXNativeTarget "data-collectionTests" */;
			buildPhases = (
				94FA8B2F207BF2CD00972C75 /* Sources */,
				94FA8B30207BF2CD00972C75 /* Frameworks */,
				94FA8B31207BF2CD00972C75 /* Resources */,
			);
			buildRules = (
			);
			dependencies = (
				94FA8B35207BF2CD00972C75 /* PBXTargetDependency */,
			);
			name = "data-collectionTests";
			productName = "data-collectionTests";
			productReference = 94FA8B33207BF2CD00972C75 /* data-collectionTests.xctest */;
			productType = "com.apple.product-type.bundle.unit-test";
		};
		94FA8B3D207BF2CD00972C75 /* data-collectionUITests */ = {
			isa = PBXNativeTarget;
			buildConfigurationList = 94FA8B4D207BF2CD00972C75 /* Build configuration list for PBXNativeTarget "data-collectionUITests" */;
			buildPhases = (
				94FA8B3A207BF2CD00972C75 /* Sources */,
				94FA8B3B207BF2CD00972C75 /* Frameworks */,
				94FA8B3C207BF2CD00972C75 /* Resources */,
			);
			buildRules = (
			);
			dependencies = (
				94FA8B40207BF2CD00972C75 /* PBXTargetDependency */,
			);
			name = "data-collectionUITests";
			productName = "data-collectionUITests";
			productReference = 94FA8B3E207BF2CD00972C75 /* data-collectionUITests.xctest */;
			productType = "com.apple.product-type.bundle.ui-testing";
		};
/* End PBXNativeTarget section */

/* Begin PBXProject section */
		94FA8B17207BF2CD00972C75 /* Project object */ = {
			isa = PBXProject;
			attributes = {
				LastSwiftUpdateCheck = 0920;
				LastUpgradeCheck = 0920;
				ORGANIZATIONNAME = Esri;
				TargetAttributes = {
					94FA8B1E207BF2CD00972C75 = {
						CreatedOnToolsVersion = 9.2;
						ProvisioningStyle = Automatic;
					};
					94FA8B32207BF2CD00972C75 = {
						CreatedOnToolsVersion = 9.2;
						ProvisioningStyle = Automatic;
						TestTargetID = 94FA8B1E207BF2CD00972C75;
					};
					94FA8B3D207BF2CD00972C75 = {
						CreatedOnToolsVersion = 9.2;
						ProvisioningStyle = Automatic;
						TestTargetID = 94FA8B1E207BF2CD00972C75;
					};
				};
			};
			buildConfigurationList = 94FA8B1A207BF2CD00972C75 /* Build configuration list for PBXProject "data-collection" */;
			compatibilityVersion = "Xcode 8.0";
			developmentRegion = en;
			hasScannedForEncodings = 0;
			knownRegions = (
				en,
				Base,
			);
			mainGroup = 94FA8B16207BF2CD00972C75;
			productRefGroup = 94FA8B20207BF2CD00972C75 /* Products */;
			projectDirPath = "";
			projectRoot = "";
			targets = (
				94FA8B1E207BF2CD00972C75 /* data-collection */,
				94FA8B32207BF2CD00972C75 /* data-collectionTests */,
				94FA8B3D207BF2CD00972C75 /* data-collectionUITests */,
			);
		};
/* End PBXProject section */

/* Begin PBXResourcesBuildPhase section */
		94FA8B1D207BF2CD00972C75 /* Resources */ = {
			isa = PBXResourcesBuildPhase;
			buildActionMask = 2147483647;
			files = (
				94FA8B2D207BF2CD00972C75 /* LaunchScreen.storyboard in Resources */,
				94B375D1207E8D5600691F2A /* SVProgressHUD.bundle in Resources */,
				94B375BD207E8D5600691F2A /* AddressLocator.loc.xml in Resources */,
				948066332091474F00A398EA /* RelatedRecordsPopup.storyboard in Resources */,
				94B3760E207EAEA100691F2A /* ArcGIS.bundle in Resources */,
				94D544C9207FC67B00ED0D04 /* Assets.xcassets in Resources */,
				94FA8B28207BF2CD00972C75 /* MapViewController.storyboard in Resources */,
				94B375CF207E8D5600691F2A /* LICENSE.txt in Resources */,
				94B375BF207E8D5600691F2A /* AddressLocator.loc in Resources */,
				94B375BC207E8D5600691F2A /* AddressLocator.locb in Resources */,
				946569272088042400599E55 /* SmallPopup.storyboard in Resources */,
				94B375BE207E8D5600691F2A /* AddressLocator.lox in Resources */,
				94D544CA207FC67B00ED0D04 /* AppIcon.xcassets in Resources */,
			);
			runOnlyForDeploymentPostprocessing = 0;
		};
		94FA8B31207BF2CD00972C75 /* Resources */ = {
			isa = PBXResourcesBuildPhase;
			buildActionMask = 2147483647;
			files = (
			);
			runOnlyForDeploymentPostprocessing = 0;
		};
		94FA8B3C207BF2CD00972C75 /* Resources */ = {
			isa = PBXResourcesBuildPhase;
			buildActionMask = 2147483647;
			files = (
			);
			runOnlyForDeploymentPostprocessing = 0;
		};
/* End PBXResourcesBuildPhase section */

/* Begin PBXSourcesBuildPhase section */
		94FA8B1B207BF2CD00972C75 /* Sources */ = {
			isa = PBXSourcesBuildPhase;
			buildActionMask = 2147483647;
			files = (
				94D544BE207FC15D00ED0D04 /* AppContainerViewController+DrawerDelegate.swift in Sources */,
				94B375D7207E8DD600691F2A /* EditType.swift in Sources */,
				948066382091595200A398EA /* RelatedRecordsManager.swift in Sources */,
				94B375CB207E8D5600691F2A /* NetworkReachabilityManager.swift in Sources */,
				94B3760C207EAE4700691F2A /* AppDelegate.swift in Sources */,
				94656925208803AE00599E55 /* SmallPopupViewController.swift in Sources */,
				940DA97B2098E1C600AB4BF6 /* AGSArcGISFeatureTable+Extensions.swift in Sources */,
				94D544D820852A5100ED0D04 /* ShrinkingView.swift in Sources */,
				94B375C2207E8D5600691F2A /* AppOfflineMapJobConstruct.swift in Sources */,
				94B375FA207E8E4800691F2A /* UIViewController+Extensions.swift in Sources */,
				946569022087FAE700599E55 /* MapViewController+MapViewMode.swift in Sources */,
				94A8102920B33B2700D4BC68 /* PopupFloatCell.swift in Sources */,
				94A8102D20B33C0E00D4BC68 /* PopupDateCell.swift in Sources */,
				940DA9752097942000AB4BF6 /* PopupFieldCell.swift in Sources */,
				94D544C1207FC15D00ED0D04 /* AppContainerViewController+JobStatusDelegate.swift in Sources */,
				94D544C6207FC20700ED0D04 /* MapViewController+Mask.swift in Sources */,
				94D544C0207FC15D00ED0D04 /* AppContainerViewController+MapDelegate.swift in Sources */,
				94D544C4207FC15D00ED0D04 /* JobStatusViewController.swift in Sources */,
				94D544D920852A5100ED0D04 /* PinDropView.swift in Sources */,
				94B375C9207E8D5600691F2A /* AppContext.swift in Sources */,
				94B375D2207E8D5600691F2A /* EphemeralCache.swift in Sources */,
				94B375C0207E8D5600691F2A /* AppFiles.swift in Sources */,
				94D544BF207FC15D00ED0D04 /* AppContainerViewController.swift in Sources */,
				94A8101D20AA1D7C00D4BC68 /* PopupIntegerCell.swift in Sources */,
				94D544D720852A5100ED0D04 /* CompassView.swift in Sources */,
				94B375FB207E8E4800691F2A /* UIButton+Extensions.swift in Sources */,
				94B375F6207E8E4800691F2A /* AGSPortal+Extensions.swift in Sources */,
				940DA977209794E200AB4BF6 /* PopupTextFieldCell.swift in Sources */,
				94A8102F20B33C3B00D4BC68 /* PopupIDCell.swift in Sources */,
				94B375CC207E8D5600691F2A /* SVRadialGradientLayer.m in Sources */,
				94D544D620852A5100ED0D04 /* NotificationBarLabel.swift in Sources */,
				948066362091483600A398EA /* RelatedRecordsPopupsViewController.swift in Sources */,
				946569122088020F00599E55 /* AGSPopup+Extensions.swift in Sources */,
				94B375F4207E8E4800691F2A /* AGSJobStatus+Extensions.swift in Sources */,
				94B375CE207E8D5600691F2A /* SVProgressHUD.m in Sources */,
				9465690E208800A200599E55 /* MapViewController+Delegate.swift in Sources */,
				94B375F8207E8E4800691F2A /* AGSDrawStatus+Extensions.swift in Sources */,
				94B37602207E8E4800691F2A /* BasicTypes+Extensions.swift in Sources */,
				94B375FD207E8E4800691F2A /* UIColor+Extensions.swift in Sources */,
				94D544C3207FC15D00ED0D04 /* DownloadMaskViewController.swift in Sources */,
				94B375F2207E8E4800691F2A /* AGSLoadStatus+Extensions.swift in Sources */,
				94B375FE207E8E4800691F2A /* UIImage+Extensions.swift in Sources */,
				94B37600207E8E4800691F2A /* UIAlertController+Extensions.swift in Sources */,
				946569042087FB5000599E55 /* MapViewController+LocationSelection.swift in Sources */,
				9465690A2087FC5800599E55 /* MapViewController+Observers.swift in Sources */,
				94A8103320B4BF8800D4BC68 /* AGSPopupDateFormat+Extensions.swift in Sources */,
				9412D213209937950031F9EB /* RelatedRecordCell.swift in Sources */,
				94A8103120B35A9100D4BC68 /* RelatedRecordsPopupsViewController+PopupManagerDelegate.swift in Sources */,
				94FA8B25207BF2CD00972C75 /* MapViewController.swift in Sources */,
				9465691A2088028E00599E55 /* AGSRelationshipInfo+Extensions.swift in Sources */,
				940DA9722097825700AB4BF6 /* UILabel+Extensions.swift in Sources */,
				94B375C1207E8D5600691F2A /* AppConfiguration.swift in Sources */,
				946569062087FBF700599E55 /* MapViewController+UserLocation.swift in Sources */,
				940DA9792097951000AB4BF6 /* PopupTextViewCell.swift in Sources */,
				94B375CA207E8D5600691F2A /* AppGlobals.swift in Sources */,
				94B375C5207E8D5600691F2A /* AppNotifications.swift in Sources */,
				946569142088023600599E55 /* AGSPopupManager+Extensions.swift in Sources */,
				9412D2172099382C0031F9EB /* RelatedRecordsPopupsViewController+DataSource.swift in Sources */,
				9465690C2087FCCE00599E55 /* MapViewController+Setup.swift in Sources */,
				94B375FC207E8E4800691F2A /* UIView+Extensions.swift in Sources */,
				94D544C2207FC15D00ED0D04 /* AppContextAwareController.swift in Sources */,
				94A8102B20B33B9200D4BC68 /* PopupStringCell.swift in Sources */,
				94B375D0207E8D5600691F2A /* SVIndefiniteAnimatedView.m in Sources */,
				946569292089066800599E55 /* MapViewController+Map.swift in Sources */,
				94B375C6207E8D5600691F2A /* AppLocation.swift in Sources */,
				94B37601207E8E4800691F2A /* DispatchGroup+Extensions.swift in Sources */,
				94B375C4207E8D5600691F2A /* AppErrors.swift in Sources */,
				94B375F5207E8E4800691F2A /* AGSMapView+Extensions.swift in Sources */,
				94B375FF207E8E4800691F2A /* UIStoryboardSegue+Extensions.swift in Sources */,
				9465691E208802CE00599E55 /* AGSFeatureTable+Extensions.swift in Sources */,
				94A8102520AFA01F00D4BC68 /* PopupAttributesManager.swift in Sources */,
				946569232088036C00599E55 /* PopupsViewControllerEmbeddable.swift in Sources */,
				94B375F3207E8E4800691F2A /* AGSQueryParameter+Extensions.swift in Sources */,
				9412D215209937E50031F9EB /* RelatedRecordsPopupsViewController+Delegate.swift in Sources */,
				9465691C208802AE00599E55 /* AGSFeatureLayer+Extensions.swift in Sources */,
				94B375C8207E8D5600691F2A /* AppContext+WorkMode.swift in Sources */,
				94D544BD207FC15D00ED0D04 /* DrawerViewController.swift in Sources */,
				94D544DA20852A5100ED0D04 /* ActivityBarView.swift in Sources */,
				94B375D6207E8DD600691F2A /* GeocodeSearchManager.swift in Sources */,
				94B375C3207E8D5600691F2A /* AppDefaults.swift in Sources */,
				94B375F9207E8E4800691F2A /* AGSArcGISFeature+Extensions.swift in Sources */,
				94B375C7207E8D5600691F2A /* AppContext+Login.swift in Sources */,
				94B375CD207E8D5600691F2A /* SVProgressAnimatedView.m in Sources */,
				94656910208800E100599E55 /* MapViewController+TouchDelegate.swift in Sources */,
				946569162088026100599E55 /* AGSRelatedFeatureQueryResult+Extensions.swift in Sources */,
				94B37603207E8E4800691F2A /* CGGeometry+Extensions.swift in Sources */,
			);
			runOnlyForDeploymentPostprocessing = 0;
		};
		94FA8B2F207BF2CD00972C75 /* Sources */ = {
			isa = PBXSourcesBuildPhase;
			buildActionMask = 2147483647;
			files = (
				94FA8B38207BF2CD00972C75 /* data_collectionTests.swift in Sources */,
			);
			runOnlyForDeploymentPostprocessing = 0;
		};
		94FA8B3A207BF2CD00972C75 /* Sources */ = {
			isa = PBXSourcesBuildPhase;
			buildActionMask = 2147483647;
			files = (
				94FA8B43207BF2CD00972C75 /* data_collectionUITests.swift in Sources */,
			);
			runOnlyForDeploymentPostprocessing = 0;
		};
/* End PBXSourcesBuildPhase section */

/* Begin PBXTargetDependency section */
		94FA8B35207BF2CD00972C75 /* PBXTargetDependency */ = {
			isa = PBXTargetDependency;
			target = 94FA8B1E207BF2CD00972C75 /* data-collection */;
			targetProxy = 94FA8B34207BF2CD00972C75 /* PBXContainerItemProxy */;
		};
		94FA8B40207BF2CD00972C75 /* PBXTargetDependency */ = {
			isa = PBXTargetDependency;
			target = 94FA8B1E207BF2CD00972C75 /* data-collection */;
			targetProxy = 94FA8B3F207BF2CD00972C75 /* PBXContainerItemProxy */;
		};
/* End PBXTargetDependency section */

/* Begin PBXVariantGroup section */
		94FA8B26207BF2CD00972C75 /* MapViewController.storyboard */ = {
			isa = PBXVariantGroup;
			children = (
				94FA8B27207BF2CD00972C75 /* Base */,
			);
			name = MapViewController.storyboard;
			sourceTree = "<group>";
		};
		94FA8B2B207BF2CD00972C75 /* LaunchScreen.storyboard */ = {
			isa = PBXVariantGroup;
			children = (
				94FA8B2C207BF2CD00972C75 /* Base */,
			);
			name = LaunchScreen.storyboard;
			sourceTree = "<group>";
		};
/* End PBXVariantGroup section */

/* Begin XCBuildConfiguration section */
		94FA8B45207BF2CD00972C75 /* Debug */ = {
			isa = XCBuildConfiguration;
			buildSettings = {
				ALWAYS_SEARCH_USER_PATHS = NO;
				CLANG_ANALYZER_NONNULL = YES;
				CLANG_ANALYZER_NUMBER_OBJECT_CONVERSION = YES_AGGRESSIVE;
				CLANG_CXX_LANGUAGE_STANDARD = "gnu++14";
				CLANG_CXX_LIBRARY = "libc++";
				CLANG_ENABLE_MODULES = YES;
				CLANG_ENABLE_OBJC_ARC = YES;
				CLANG_WARN_BLOCK_CAPTURE_AUTORELEASING = YES;
				CLANG_WARN_BOOL_CONVERSION = YES;
				CLANG_WARN_COMMA = YES;
				CLANG_WARN_CONSTANT_CONVERSION = YES;
				CLANG_WARN_DIRECT_OBJC_ISA_USAGE = YES_ERROR;
				CLANG_WARN_DOCUMENTATION_COMMENTS = YES;
				CLANG_WARN_EMPTY_BODY = YES;
				CLANG_WARN_ENUM_CONVERSION = YES;
				CLANG_WARN_INFINITE_RECURSION = YES;
				CLANG_WARN_INT_CONVERSION = YES;
				CLANG_WARN_NON_LITERAL_NULL_CONVERSION = YES;
				CLANG_WARN_OBJC_LITERAL_CONVERSION = YES;
				CLANG_WARN_OBJC_ROOT_CLASS = YES_ERROR;
				CLANG_WARN_RANGE_LOOP_ANALYSIS = YES;
				CLANG_WARN_STRICT_PROTOTYPES = YES;
				CLANG_WARN_SUSPICIOUS_MOVE = YES;
				CLANG_WARN_UNGUARDED_AVAILABILITY = YES_AGGRESSIVE;
				CLANG_WARN_UNREACHABLE_CODE = YES;
				CLANG_WARN__DUPLICATE_METHOD_MATCH = YES;
				CODE_SIGN_IDENTITY = "iPhone Developer";
				COPY_PHASE_STRIP = NO;
				DEBUG_INFORMATION_FORMAT = dwarf;
				ENABLE_STRICT_OBJC_MSGSEND = YES;
				ENABLE_TESTABILITY = YES;
				GCC_C_LANGUAGE_STANDARD = gnu11;
				GCC_DYNAMIC_NO_PIC = NO;
				GCC_NO_COMMON_BLOCKS = YES;
				GCC_OPTIMIZATION_LEVEL = 0;
				GCC_PREPROCESSOR_DEFINITIONS = (
					"DEBUG=1",
					"$(inherited)",
				);
				GCC_WARN_64_TO_32_BIT_CONVERSION = YES;
				GCC_WARN_ABOUT_RETURN_TYPE = YES_ERROR;
				GCC_WARN_UNDECLARED_SELECTOR = YES;
				GCC_WARN_UNINITIALIZED_AUTOS = YES_AGGRESSIVE;
				GCC_WARN_UNUSED_FUNCTION = YES;
				GCC_WARN_UNUSED_VARIABLE = YES;
				IPHONEOS_DEPLOYMENT_TARGET = 11.2;
				MTL_ENABLE_DEBUG_INFO = YES;
				ONLY_ACTIVE_ARCH = YES;
				SDKROOT = iphoneos;
				SWIFT_ACTIVE_COMPILATION_CONDITIONS = DEBUG;
				SWIFT_OPTIMIZATION_LEVEL = "-Onone";
			};
			name = Debug;
		};
		94FA8B46207BF2CD00972C75 /* Release */ = {
			isa = XCBuildConfiguration;
			buildSettings = {
				ALWAYS_SEARCH_USER_PATHS = NO;
				CLANG_ANALYZER_NONNULL = YES;
				CLANG_ANALYZER_NUMBER_OBJECT_CONVERSION = YES_AGGRESSIVE;
				CLANG_CXX_LANGUAGE_STANDARD = "gnu++14";
				CLANG_CXX_LIBRARY = "libc++";
				CLANG_ENABLE_MODULES = YES;
				CLANG_ENABLE_OBJC_ARC = YES;
				CLANG_WARN_BLOCK_CAPTURE_AUTORELEASING = YES;
				CLANG_WARN_BOOL_CONVERSION = YES;
				CLANG_WARN_COMMA = YES;
				CLANG_WARN_CONSTANT_CONVERSION = YES;
				CLANG_WARN_DIRECT_OBJC_ISA_USAGE = YES_ERROR;
				CLANG_WARN_DOCUMENTATION_COMMENTS = YES;
				CLANG_WARN_EMPTY_BODY = YES;
				CLANG_WARN_ENUM_CONVERSION = YES;
				CLANG_WARN_INFINITE_RECURSION = YES;
				CLANG_WARN_INT_CONVERSION = YES;
				CLANG_WARN_NON_LITERAL_NULL_CONVERSION = YES;
				CLANG_WARN_OBJC_LITERAL_CONVERSION = YES;
				CLANG_WARN_OBJC_ROOT_CLASS = YES_ERROR;
				CLANG_WARN_RANGE_LOOP_ANALYSIS = YES;
				CLANG_WARN_STRICT_PROTOTYPES = YES;
				CLANG_WARN_SUSPICIOUS_MOVE = YES;
				CLANG_WARN_UNGUARDED_AVAILABILITY = YES_AGGRESSIVE;
				CLANG_WARN_UNREACHABLE_CODE = YES;
				CLANG_WARN__DUPLICATE_METHOD_MATCH = YES;
				CODE_SIGN_IDENTITY = "iPhone Developer";
				COPY_PHASE_STRIP = NO;
				DEBUG_INFORMATION_FORMAT = "dwarf-with-dsym";
				ENABLE_NS_ASSERTIONS = NO;
				ENABLE_STRICT_OBJC_MSGSEND = YES;
				GCC_C_LANGUAGE_STANDARD = gnu11;
				GCC_NO_COMMON_BLOCKS = YES;
				GCC_WARN_64_TO_32_BIT_CONVERSION = YES;
				GCC_WARN_ABOUT_RETURN_TYPE = YES_ERROR;
				GCC_WARN_UNDECLARED_SELECTOR = YES;
				GCC_WARN_UNINITIALIZED_AUTOS = YES_AGGRESSIVE;
				GCC_WARN_UNUSED_FUNCTION = YES;
				GCC_WARN_UNUSED_VARIABLE = YES;
				IPHONEOS_DEPLOYMENT_TARGET = 11.2;
				MTL_ENABLE_DEBUG_INFO = NO;
				SDKROOT = iphoneos;
				SWIFT_OPTIMIZATION_LEVEL = "-Owholemodule";
				VALIDATE_PRODUCT = YES;
			};
			name = Release;
		};
		94FA8B48207BF2CD00972C75 /* Debug */ = {
			isa = XCBuildConfiguration;
			buildSettings = {
				ASSETCATALOG_COMPILER_APPICON_NAME = AppIcon;
				CODE_SIGN_STYLE = Automatic;
				FRAMEWORK_SEARCH_PATHS = $HOME/Library/SDKs/ArcGIS/iOS/Frameworks/Static/;
				INFOPLIST_FILE = "$(SRCROOT)/Resources/Info.plist";
				LD_RUNPATH_SEARCH_PATHS = "$(inherited) @executable_path/Frameworks";
				OTHER_LDFLAGS = (
					"-ObjC",
					"-framework",
					ArcGIS,
					"-l",
					"c++",
				);
				PRODUCT_BUNDLE_IDENTIFIER = "com.esri.arcgisruntime.exampleapps.data-collection";
				PRODUCT_NAME = "$(TARGET_NAME)";
				SWIFT_VERSION = 4.0;
				TARGETED_DEVICE_FAMILY = "1,2";
			};
			name = Debug;
		};
		94FA8B49207BF2CD00972C75 /* Release */ = {
			isa = XCBuildConfiguration;
			buildSettings = {
				ASSETCATALOG_COMPILER_APPICON_NAME = AppIcon;
				CODE_SIGN_STYLE = Automatic;
				FRAMEWORK_SEARCH_PATHS = $HOME/Library/SDKs/ArcGIS/iOS/Frameworks/Static/;
				INFOPLIST_FILE = "$(SRCROOT)/Resources/Info.plist";
				LD_RUNPATH_SEARCH_PATHS = "$(inherited) @executable_path/Frameworks";
				OTHER_LDFLAGS = (
					"-ObjC",
					"-framework",
					ArcGIS,
					"-l",
					"c++",
				);
				PRODUCT_BUNDLE_IDENTIFIER = "com.esri.arcgisruntime.exampleapps.data-collection";
				PRODUCT_NAME = "$(TARGET_NAME)";
				SWIFT_VERSION = 4.0;
				TARGETED_DEVICE_FAMILY = "1,2";
			};
			name = Release;
		};
		94FA8B4B207BF2CD00972C75 /* Debug */ = {
			isa = XCBuildConfiguration;
			buildSettings = {
				ALWAYS_EMBED_SWIFT_STANDARD_LIBRARIES = YES;
				BUNDLE_LOADER = "$(TEST_HOST)";
				CODE_SIGN_STYLE = Automatic;
				INFOPLIST_FILE = "data-collectionTests/Info.plist";
				LD_RUNPATH_SEARCH_PATHS = "$(inherited) @executable_path/Frameworks @loader_path/Frameworks";
				PRODUCT_BUNDLE_IDENTIFIER = "com.esri.arcgisruntime.exampleapps.data-collectionTests";
				PRODUCT_NAME = "$(TARGET_NAME)";
				SWIFT_VERSION = 4.0;
				TARGETED_DEVICE_FAMILY = "1,2";
				TEST_HOST = "$(BUILT_PRODUCTS_DIR)/data-collection.app/data-collection";
			};
			name = Debug;
		};
		94FA8B4C207BF2CD00972C75 /* Release */ = {
			isa = XCBuildConfiguration;
			buildSettings = {
				ALWAYS_EMBED_SWIFT_STANDARD_LIBRARIES = YES;
				BUNDLE_LOADER = "$(TEST_HOST)";
				CODE_SIGN_STYLE = Automatic;
				INFOPLIST_FILE = "data-collectionTests/Info.plist";
				LD_RUNPATH_SEARCH_PATHS = "$(inherited) @executable_path/Frameworks @loader_path/Frameworks";
				PRODUCT_BUNDLE_IDENTIFIER = "com.esri.arcgisruntime.exampleapps.data-collectionTests";
				PRODUCT_NAME = "$(TARGET_NAME)";
				SWIFT_VERSION = 4.0;
				TARGETED_DEVICE_FAMILY = "1,2";
				TEST_HOST = "$(BUILT_PRODUCTS_DIR)/data-collection.app/data-collection";
			};
			name = Release;
		};
		94FA8B4E207BF2CD00972C75 /* Debug */ = {
			isa = XCBuildConfiguration;
			buildSettings = {
				ALWAYS_EMBED_SWIFT_STANDARD_LIBRARIES = YES;
				CODE_SIGN_STYLE = Automatic;
				INFOPLIST_FILE = "data-collectionUITests/Info.plist";
				LD_RUNPATH_SEARCH_PATHS = "$(inherited) @executable_path/Frameworks @loader_path/Frameworks";
				PRODUCT_BUNDLE_IDENTIFIER = "com.esri.arcgisruntime.exampleapps.data-collectionUITests";
				PRODUCT_NAME = "$(TARGET_NAME)";
				SWIFT_VERSION = 4.0;
				TARGETED_DEVICE_FAMILY = "1,2";
				TEST_TARGET_NAME = "data-collection";
			};
			name = Debug;
		};
		94FA8B4F207BF2CD00972C75 /* Release */ = {
			isa = XCBuildConfiguration;
			buildSettings = {
				ALWAYS_EMBED_SWIFT_STANDARD_LIBRARIES = YES;
				CODE_SIGN_STYLE = Automatic;
				INFOPLIST_FILE = "data-collectionUITests/Info.plist";
				LD_RUNPATH_SEARCH_PATHS = "$(inherited) @executable_path/Frameworks @loader_path/Frameworks";
				PRODUCT_BUNDLE_IDENTIFIER = "com.esri.arcgisruntime.exampleapps.data-collectionUITests";
				PRODUCT_NAME = "$(TARGET_NAME)";
				SWIFT_VERSION = 4.0;
				TARGETED_DEVICE_FAMILY = "1,2";
				TEST_TARGET_NAME = "data-collection";
			};
			name = Release;
		};
/* End XCBuildConfiguration section */

/* Begin XCConfigurationList section */
		94FA8B1A207BF2CD00972C75 /* Build configuration list for PBXProject "data-collection" */ = {
			isa = XCConfigurationList;
			buildConfigurations = (
				94FA8B45207BF2CD00972C75 /* Debug */,
				94FA8B46207BF2CD00972C75 /* Release */,
			);
			defaultConfigurationIsVisible = 0;
			defaultConfigurationName = Release;
		};
		94FA8B47207BF2CD00972C75 /* Build configuration list for PBXNativeTarget "data-collection" */ = {
			isa = XCConfigurationList;
			buildConfigurations = (
				94FA8B48207BF2CD00972C75 /* Debug */,
				94FA8B49207BF2CD00972C75 /* Release */,
			);
			defaultConfigurationIsVisible = 0;
			defaultConfigurationName = Release;
		};
		94FA8B4A207BF2CD00972C75 /* Build configuration list for PBXNativeTarget "data-collectionTests" */ = {
			isa = XCConfigurationList;
			buildConfigurations = (
				94FA8B4B207BF2CD00972C75 /* Debug */,
				94FA8B4C207BF2CD00972C75 /* Release */,
			);
			defaultConfigurationIsVisible = 0;
			defaultConfigurationName = Release;
		};
		94FA8B4D207BF2CD00972C75 /* Build configuration list for PBXNativeTarget "data-collectionUITests" */ = {
			isa = XCConfigurationList;
			buildConfigurations = (
				94FA8B4E207BF2CD00972C75 /* Debug */,
				94FA8B4F207BF2CD00972C75 /* Release */,
			);
			defaultConfigurationIsVisible = 0;
			defaultConfigurationName = Release;
		};
/* End XCConfigurationList section */
	};
	rootObject = 94FA8B17207BF2CD00972C75 /* Project object */;
}
