// !$*UTF8*$!
{
	archiveVersion = 1;
	classes = {
	};
	objectVersion = 48;
	objects = {

/* Begin PBXBuildFile section */
		94FA8B23207BF2CD00972C75 /* AppDelegate.swift in Sources */ = {isa = PBXBuildFile; fileRef = 94FA8B22207BF2CD00972C75 /* AppDelegate.swift */; };
		94FA8B25207BF2CD00972C75 /* ViewController.swift in Sources */ = {isa = PBXBuildFile; fileRef = 94FA8B24207BF2CD00972C75 /* ViewController.swift */; };
		94FA8B28207BF2CD00972C75 /* Main.storyboard in Resources */ = {isa = PBXBuildFile; fileRef = 94FA8B26207BF2CD00972C75 /* Main.storyboard */; };
		94FA8B2A207BF2CD00972C75 /* Assets.xcassets in Resources */ = {isa = PBXBuildFile; fileRef = 94FA8B29207BF2CD00972C75 /* Assets.xcassets */; };
		94FA8B2D207BF2CD00972C75 /* LaunchScreen.storyboard in Resources */ = {isa = PBXBuildFile; fileRef = 94FA8B2B207BF2CD00972C75 /* LaunchScreen.storyboard */; };
		94FA8B38207BF2CD00972C75 /* data_collectionTests.swift in Sources */ = {isa = PBXBuildFile; fileRef = 94FA8B37207BF2CD00972C75 /* data_collectionTests.swift */; };
		94FA8B43207BF2CD00972C75 /* data_collectionUITests.swift in Sources */ = {isa = PBXBuildFile; fileRef = 94FA8B42207BF2CD00972C75 /* data_collectionUITests.swift */; };
		94FA8B51207BF2FD00972C75 /* ArcGIS.bundle in Resources */ = {isa = PBXBuildFile; fileRef = 94FA8B50207BF2FC00972C75 /* ArcGIS.bundle */; };
/* End PBXBuildFile section */

/* Begin PBXContainerItemProxy section */
		94FA8B34207BF2CD00972C75 /* PBXContainerItemProxy */ = {
			isa = PBXContainerItemProxy;
			containerPortal = 94FA8B17207BF2CD00972C75 /* Project object */;
			proxyType = 1;
			remoteGlobalIDString = 94FA8B1E207BF2CD00972C75;
			remoteInfo = "data-collection";
		};
		94FA8B3F207BF2CD00972C75 /* PBXContainerItemProxy */ = {
			isa = PBXContainerItemProxy;
			containerPortal = 94FA8B17207BF2CD00972C75 /* Project object */;
			proxyType = 1;
			remoteGlobalIDString = 94FA8B1E207BF2CD00972C75;
			remoteInfo = "data-collection";
		};
/* End PBXContainerItemProxy section */

/* Begin PBXFileReference section */
		94FA8B1F207BF2CD00972C75 /* data-collection.app */ = {isa = PBXFileReference; explicitFileType = wrapper.application; includeInIndex = 0; path = "data-collection.app"; sourceTree = BUILT_PRODUCTS_DIR; };
		94FA8B22207BF2CD00972C75 /* AppDelegate.swift */ = {isa = PBXFileReference; lastKnownFileType = sourcecode.swift; path = AppDelegate.swift; sourceTree = "<group>"; };
		94FA8B24207BF2CD00972C75 /* ViewController.swift */ = {isa = PBXFileReference; lastKnownFileType = sourcecode.swift; path = ViewController.swift; sourceTree = "<group>"; };
		94FA8B27207BF2CD00972C75 /* Base */ = {isa = PBXFileReference; lastKnownFileType = file.storyboard; name = Base; path = Base.lproj/Main.storyboard; sourceTree = "<group>"; };
		94FA8B29207BF2CD00972C75 /* Assets.xcassets */ = {isa = PBXFileReference; lastKnownFileType = folder.assetcatalog; path = Assets.xcassets; sourceTree = "<group>"; };
		94FA8B2C207BF2CD00972C75 /* Base */ = {isa = PBXFileReference; lastKnownFileType = file.storyboard; name = Base; path = Base.lproj/LaunchScreen.storyboard; sourceTree = "<group>"; };
		94FA8B2E207BF2CD00972C75 /* Info.plist */ = {isa = PBXFileReference; lastKnownFileType = text.plist.xml; path = Info.plist; sourceTree = "<group>"; };
		94FA8B33207BF2CD00972C75 /* data-collectionTests.xctest */ = {isa = PBXFileReference; explicitFileType = wrapper.cfbundle; includeInIndex = 0; path = "data-collectionTests.xctest"; sourceTree = BUILT_PRODUCTS_DIR; };
		94FA8B37207BF2CD00972C75 /* data_collectionTests.swift */ = {isa = PBXFileReference; lastKnownFileType = sourcecode.swift; path = data_collectionTests.swift; sourceTree = "<group>"; };
		94FA8B39207BF2CD00972C75 /* Info.plist */ = {isa = PBXFileReference; lastKnownFileType = text.plist.xml; path = Info.plist; sourceTree = "<group>"; };
		94FA8B3E207BF2CD00972C75 /* data-collectionUITests.xctest */ = {isa = PBXFileReference; explicitFileType = wrapper.cfbundle; includeInIndex = 0; path = "data-collectionUITests.xctest"; sourceTree = BUILT_PRODUCTS_DIR; };
		94FA8B42207BF2CD00972C75 /* data_collectionUITests.swift */ = {isa = PBXFileReference; lastKnownFileType = sourcecode.swift; path = data_collectionUITests.swift; sourceTree = "<group>"; };
		94FA8B44207BF2CD00972C75 /* Info.plist */ = {isa = PBXFileReference; lastKnownFileType = text.plist.xml; path = Info.plist; sourceTree = "<group>"; };
		94FA8B50207BF2FC00972C75 /* ArcGIS.bundle */ = {isa = PBXFileReference; lastKnownFileType = "wrapper.plug-in"; name = ArcGIS.bundle; path = ../../../../../../../../Library/SDKs/ArcGIS/iOS/Frameworks/Static/ArcGIS.framework/Versions/Current/Resources/ArcGIS.bundle; sourceTree = "<group>"; };
/* End PBXFileReference section */

/* Begin PBXFrameworksBuildPhase section */
		94FA8B1C207BF2CD00972C75 /* Frameworks */ = {
			isa = PBXFrameworksBuildPhase;
			buildActionMask = 2147483647;
			files = (
			);
			runOnlyForDeploymentPostprocessing = 0;
		};
		94FA8B30207BF2CD00972C75 /* Frameworks */ = {
			isa = PBXFrameworksBuildPhase;
			buildActionMask = 2147483647;
			files = (
			);
			runOnlyForDeploymentPostprocessing = 0;
		};
		94FA8B3B207BF2CD00972C75 /* Frameworks */ = {
			isa = PBXFrameworksBuildPhase;
			buildActionMask = 2147483647;
			files = (
			);
			runOnlyForDeploymentPostprocessing = 0;
		};
/* End PBXFrameworksBuildPhase section */

/* Begin PBXGroup section */
		94FA8B16207BF2CD00972C75 = {
			isa = PBXGroup;
			children = (
				94FA8B21207BF2CD00972C75 /* data-collection */,
				94FA8B36207BF2CD00972C75 /* data-collectionTests */,
				94FA8B41207BF2CD00972C75 /* data-collectionUITests */,
				94FA8B20207BF2CD00972C75 /* Products */,
			);
			sourceTree = "<group>";
		};
		94FA8B20207BF2CD00972C75 /* Products */ = {
			isa = PBXGroup;
			children = (
				94FA8B1F207BF2CD00972C75 /* data-collection.app */,
				94FA8B33207BF2CD00972C75 /* data-collectionTests.xctest */,
				94FA8B3E207BF2CD00972C75 /* data-collectionUITests.xctest */,
			);
			name = Products;
			sourceTree = "<group>";
		};
		94FA8B21207BF2CD00972C75 /* data-collection */ = {
			isa = PBXGroup;
			children = (
				94FA8B50207BF2FC00972C75 /* ArcGIS.bundle */,
				94FA8B22207BF2CD00972C75 /* AppDelegate.swift */,
				94FA8B24207BF2CD00972C75 /* ViewController.swift */,
				94FA8B26207BF2CD00972C75 /* Main.storyboard */,
				94FA8B29207BF2CD00972C75 /* Assets.xcassets */,
				94FA8B2B207BF2CD00972C75 /* LaunchScreen.storyboard */,
				94FA8B2E207BF2CD00972C75 /* Info.plist */,
			);
			path = "data-collection";
			sourceTree = "<group>";
		};
		94FA8B36207BF2CD00972C75 /* data-collectionTests */ = {
			isa = PBXGroup;
			children = (
				94FA8B37207BF2CD00972C75 /* data_collectionTests.swift */,
				94FA8B39207BF2CD00972C75 /* Info.plist */,
			);
			path = "data-collectionTests";
			sourceTree = "<group>";
		};
		94FA8B41207BF2CD00972C75 /* data-collectionUITests */ = {
			isa = PBXGroup;
			children = (
				94FA8B42207BF2CD00972C75 /* data_collectionUITests.swift */,
				94FA8B44207BF2CD00972C75 /* Info.plist */,
			);
			path = "data-collectionUITests";
			sourceTree = "<group>";
		};
/* End PBXGroup section */

/* Begin PBXNativeTarget section */
		94FA8B1E207BF2CD00972C75 /* data-collection */ = {
			isa = PBXNativeTarget;
			buildConfigurationList = 94FA8B47207BF2CD00972C75 /* Build configuration list for PBXNativeTarget "data-collection" */;
			buildPhases = (
				94FA8B1B207BF2CD00972C75 /* Sources */,
				94FA8B1C207BF2CD00972C75 /* Frameworks */,
				94FA8B1D207BF2CD00972C75 /* Resources */,
			);
			buildRules = (
			);
			dependencies = (
			);
			name = "data-collection";
			productName = "data-collection";
			productReference = 94FA8B1F207BF2CD00972C75 /* data-collection.app */;
			productType = "com.apple.product-type.application";
		};
		94FA8B32207BF2CD00972C75 /* data-collectionTests */ = {
			isa = PBXNativeTarget;
			buildConfigurationList = 94FA8B4A207BF2CD00972C75 /* Build configuration list for PBXNativeTarget "data-collectionTests" */;
			buildPhases = (
				94FA8B2F207BF2CD00972C75 /* Sources */,
				94FA8B30207BF2CD00972C75 /* Frameworks */,
				94FA8B31207BF2CD00972C75 /* Resources */,
			);
			buildRules = (
			);
			dependencies = (
				94FA8B35207BF2CD00972C75 /* PBXTargetDependency */,
			);
			name = "data-collectionTests";
			productName = "data-collectionTests";
			productReference = 94FA8B33207BF2CD00972C75 /* data-collectionTests.xctest */;
			productType = "com.apple.product-type.bundle.unit-test";
		};
		94FA8B3D207BF2CD00972C75 /* data-collectionUITests */ = {
			isa = PBXNativeTarget;
			buildConfigurationList = 94FA8B4D207BF2CD00972C75 /* Build configuration list for PBXNativeTarget "data-collectionUITests" */;
			buildPhases = (
				94FA8B3A207BF2CD00972C75 /* Sources */,
				94FA8B3B207BF2CD00972C75 /* Frameworks */,
				94FA8B3C207BF2CD00972C75 /* Resources */,
			);
			buildRules = (
			);
			dependencies = (
				94FA8B40207BF2CD00972C75 /* PBXTargetDependency */,
			);
			name = "data-collectionUITests";
			productName = "data-collectionUITests";
			productReference = 94FA8B3E207BF2CD00972C75 /* data-collectionUITests.xctest */;
			productType = "com.apple.product-type.bundle.ui-testing";
		};
/* End PBXNativeTarget section */

/* Begin PBXProject section */
		94FA8B17207BF2CD00972C75 /* Project object */ = {
			isa = PBXProject;
			attributes = {
				LastSwiftUpdateCheck = 0920;
				LastUpgradeCheck = 0920;
				ORGANIZATIONNAME = Esri;
				TargetAttributes = {
					94FA8B1E207BF2CD00972C75 = {
						CreatedOnToolsVersion = 9.2;
						ProvisioningStyle = Automatic;
					};
					94FA8B32207BF2CD00972C75 = {
						CreatedOnToolsVersion = 9.2;
						ProvisioningStyle = Automatic;
						TestTargetID = 94FA8B1E207BF2CD00972C75;
					};
					94FA8B3D207BF2CD00972C75 = {
						CreatedOnToolsVersion = 9.2;
						ProvisioningStyle = Automatic;
						TestTargetID = 94FA8B1E207BF2CD00972C75;
					};
				};
			};
			buildConfigurationList = 94FA8B1A207BF2CD00972C75 /* Build configuration list for PBXProject "data-collection" */;
			compatibilityVersion = "Xcode 8.0";
			developmentRegion = en;
			hasScannedForEncodings = 0;
			knownRegions = (
				en,
				Base,
			);
			mainGroup = 94FA8B16207BF2CD00972C75;
			productRefGroup = 94FA8B20207BF2CD00972C75 /* Products */;
			projectDirPath = "";
			projectRoot = "";
			targets = (
				94FA8B1E207BF2CD00972C75 /* data-collection */,
				94FA8B32207BF2CD00972C75 /* data-collectionTests */,
				94FA8B3D207BF2CD00972C75 /* data-collectionUITests */,
			);
		};
/* End PBXProject section */

/* Begin PBXResourcesBuildPhase section */
		94FA8B1D207BF2CD00972C75 /* Resources */ = {
			isa = PBXResourcesBuildPhase;
			buildActionMask = 2147483647;
			files = (
				94FA8B2D207BF2CD00972C75 /* LaunchScreen.storyboard in Resources */,
				94FA8B2A207BF2CD00972C75 /* Assets.xcassets in Resources */,
				94FA8B51207BF2FD00972C75 /* ArcGIS.bundle in Resources */,
				94FA8B28207BF2CD00972C75 /* Main.storyboard in Resources */,
			);
			runOnlyForDeploymentPostprocessing = 0;
		};
		94FA8B31207BF2CD00972C75 /* Resources */ = {
			isa = PBXResourcesBuildPhase;
			buildActionMask = 2147483647;
			files = (
			);
			runOnlyForDeploymentPostprocessing = 0;
		};
		94FA8B3C207BF2CD00972C75 /* Resources */ = {
			isa = PBXResourcesBuildPhase;
			buildActionMask = 2147483647;
			files = (
			);
			runOnlyForDeploymentPostprocessing = 0;
		};
/* End PBXResourcesBuildPhase section */

/* Begin PBXSourcesBuildPhase section */
		94FA8B1B207BF2CD00972C75 /* Sources */ = {
			isa = PBXSourcesBuildPhase;
			buildActionMask = 2147483647;
			files = (
				94FA8B25207BF2CD00972C75 /* ViewController.swift in Sources */,
				94FA8B23207BF2CD00972C75 /* AppDelegate.swift in Sources */,
			);
			runOnlyForDeploymentPostprocessing = 0;
		};
		94FA8B2F207BF2CD00972C75 /* Sources */ = {
			isa = PBXSourcesBuildPhase;
			buildActionMask = 2147483647;
			files = (
				94FA8B38207BF2CD00972C75 /* data_collectionTests.swift in Sources */,
			);
			runOnlyForDeploymentPostprocessing = 0;
		};
		94FA8B3A207BF2CD00972C75 /* Sources */ = {
			isa = PBXSourcesBuildPhase;
			buildActionMask = 2147483647;
			files = (
				94FA8B43207BF2CD00972C75 /* data_collectionUITests.swift in Sources */,
			);
			runOnlyForDeploymentPostprocessing = 0;
		};
/* End PBXSourcesBuildPhase section */

/* Begin PBXTargetDependency section */
		94FA8B35207BF2CD00972C75 /* PBXTargetDependency */ = {
			isa = PBXTargetDependency;
			target = 94FA8B1E207BF2CD00972C75 /* data-collection */;
			targetProxy = 94FA8B34207BF2CD00972C75 /* PBXContainerItemProxy */;
		};
		94FA8B40207BF2CD00972C75 /* PBXTargetDependency */ = {
			isa = PBXTargetDependency;
			target = 94FA8B1E207BF2CD00972C75 /* data-collection */;
			targetProxy = 94FA8B3F207BF2CD00972C75 /* PBXContainerItemProxy */;
		};
/* End PBXTargetDependency section */

/* Begin PBXVariantGroup section */
		94FA8B26207BF2CD00972C75 /* Main.storyboard */ = {
			isa = PBXVariantGroup;
			children = (
				94FA8B27207BF2CD00972C75 /* Base */,
			);
			name = Main.storyboard;
			sourceTree = "<group>";
		};
		94FA8B2B207BF2CD00972C75 /* LaunchScreen.storyboard */ = {
			isa = PBXVariantGroup;
			children = (
				94FA8B2C207BF2CD00972C75 /* Base */,
			);
			name = LaunchScreen.storyboard;
			sourceTree = "<group>";
		};
/* End PBXVariantGroup section */

/* Begin XCBuildConfiguration section */
		94FA8B45207BF2CD00972C75 /* Debug */ = {
			isa = XCBuildConfiguration;
			buildSettings = {
				ALWAYS_SEARCH_USER_PATHS = NO;
				CLANG_ANALYZER_NONNULL = YES;
				CLANG_ANALYZER_NUMBER_OBJECT_CONVERSION = YES_AGGRESSIVE;
				CLANG_CXX_LANGUAGE_STANDARD = "gnu++14";
				CLANG_CXX_LIBRARY = "libc++";
				CLANG_ENABLE_MODULES = YES;
				CLANG_ENABLE_OBJC_ARC = YES;
				CLANG_WARN_BLOCK_CAPTURE_AUTORELEASING = YES;
				CLANG_WARN_BOOL_CONVERSION = YES;
				CLANG_WARN_COMMA = YES;
				CLANG_WARN_CONSTANT_CONVERSION = YES;
				CLANG_WARN_DIRECT_OBJC_ISA_USAGE = YES_ERROR;
				CLANG_WARN_DOCUMENTATION_COMMENTS = YES;
				CLANG_WARN_EMPTY_BODY = YES;
				CLANG_WARN_ENUM_CONVERSION = YES;
				CLANG_WARN_INFINITE_RECURSION = YES;
				CLANG_WARN_INT_CONVERSION = YES;
				CLANG_WARN_NON_LITERAL_NULL_CONVERSION = YES;
				CLANG_WARN_OBJC_LITERAL_CONVERSION = YES;
				CLANG_WARN_OBJC_ROOT_CLASS = YES_ERROR;
				CLANG_WARN_RANGE_LOOP_ANALYSIS = YES;
				CLANG_WARN_STRICT_PROTOTYPES = YES;
				CLANG_WARN_SUSPICIOUS_MOVE = YES;
				CLANG_WARN_UNGUARDED_AVAILABILITY = YES_AGGRESSIVE;
				CLANG_WARN_UNREACHABLE_CODE = YES;
				CLANG_WARN__DUPLICATE_METHOD_MATCH = YES;
				CODE_SIGN_IDENTITY = "iPhone Developer";
				COPY_PHASE_STRIP = NO;
				DEBUG_INFORMATION_FORMAT = dwarf;
				ENABLE_STRICT_OBJC_MSGSEND = YES;
				ENABLE_TESTABILITY = YES;
				GCC_C_LANGUAGE_STANDARD = gnu11;
				GCC_DYNAMIC_NO_PIC = NO;
				GCC_NO_COMMON_BLOCKS = YES;
				GCC_OPTIMIZATION_LEVEL = 0;
				GCC_PREPROCESSOR_DEFINITIONS = (
					"DEBUG=1",
					"$(inherited)",
				);
				GCC_WARN_64_TO_32_BIT_CONVERSION = YES;
				GCC_WARN_ABOUT_RETURN_TYPE = YES_ERROR;
				GCC_WARN_UNDECLARED_SELECTOR = YES;
				GCC_WARN_UNINITIALIZED_AUTOS = YES_AGGRESSIVE;
				GCC_WARN_UNUSED_FUNCTION = YES;
				GCC_WARN_UNUSED_VARIABLE = YES;
				IPHONEOS_DEPLOYMENT_TARGET = 11.2;
				MTL_ENABLE_DEBUG_INFO = YES;
				ONLY_ACTIVE_ARCH = YES;
				SDKROOT = iphoneos;
				SWIFT_ACTIVE_COMPILATION_CONDITIONS = DEBUG;
				SWIFT_OPTIMIZATION_LEVEL = "-Onone";
			};
			name = Debug;
		};
		94FA8B46207BF2CD00972C75 /* Release */ = {
			isa = XCBuildConfiguration;
			buildSettings = {
				ALWAYS_SEARCH_USER_PATHS = NO;
				CLANG_ANALYZER_NONNULL = YES;
				CLANG_ANALYZER_NUMBER_OBJECT_CONVERSION = YES_AGGRESSIVE;
				CLANG_CXX_LANGUAGE_STANDARD = "gnu++14";
				CLANG_CXX_LIBRARY = "libc++";
				CLANG_ENABLE_MODULES = YES;
				CLANG_ENABLE_OBJC_ARC = YES;
				CLANG_WARN_BLOCK_CAPTURE_AUTORELEASING = YES;
				CLANG_WARN_BOOL_CONVERSION = YES;
				CLANG_WARN_COMMA = YES;
				CLANG_WARN_CONSTANT_CONVERSION = YES;
				CLANG_WARN_DIRECT_OBJC_ISA_USAGE = YES_ERROR;
				CLANG_WARN_DOCUMENTATION_COMMENTS = YES;
				CLANG_WARN_EMPTY_BODY = YES;
				CLANG_WARN_ENUM_CONVERSION = YES;
				CLANG_WARN_INFINITE_RECURSION = YES;
				CLANG_WARN_INT_CONVERSION = YES;
				CLANG_WARN_NON_LITERAL_NULL_CONVERSION = YES;
				CLANG_WARN_OBJC_LITERAL_CONVERSION = YES;
				CLANG_WARN_OBJC_ROOT_CLASS = YES_ERROR;
				CLANG_WARN_RANGE_LOOP_ANALYSIS = YES;
				CLANG_WARN_STRICT_PROTOTYPES = YES;
				CLANG_WARN_SUSPICIOUS_MOVE = YES;
				CLANG_WARN_UNGUARDED_AVAILABILITY = YES_AGGRESSIVE;
				CLANG_WARN_UNREACHABLE_CODE = YES;
				CLANG_WARN__DUPLICATE_METHOD_MATCH = YES;
				CODE_SIGN_IDENTITY = "iPhone Developer";
				COPY_PHASE_STRIP = NO;
				DEBUG_INFORMATION_FORMAT = "dwarf-with-dsym";
				ENABLE_NS_ASSERTIONS = NO;
				ENABLE_STRICT_OBJC_MSGSEND = YES;
				GCC_C_LANGUAGE_STANDARD = gnu11;
				GCC_NO_COMMON_BLOCKS = YES;
				GCC_WARN_64_TO_32_BIT_CONVERSION = YES;
				GCC_WARN_ABOUT_RETURN_TYPE = YES_ERROR;
				GCC_WARN_UNDECLARED_SELECTOR = YES;
				GCC_WARN_UNINITIALIZED_AUTOS = YES_AGGRESSIVE;
				GCC_WARN_UNUSED_FUNCTION = YES;
				GCC_WARN_UNUSED_VARIABLE = YES;
				IPHONEOS_DEPLOYMENT_TARGET = 11.2;
				MTL_ENABLE_DEBUG_INFO = NO;
				SDKROOT = iphoneos;
				SWIFT_OPTIMIZATION_LEVEL = "-Owholemodule";
				VALIDATE_PRODUCT = YES;
			};
			name = Release;
		};
		94FA8B48207BF2CD00972C75 /* Debug */ = {
			isa = XCBuildConfiguration;
			buildSettings = {
				ASSETCATALOG_COMPILER_APPICON_NAME = AppIcon;
				CODE_SIGN_STYLE = Automatic;
				FRAMEWORK_SEARCH_PATHS = $HOME/Library/SDKs/ArcGIS/iOS/Frameworks/Static/;
				INFOPLIST_FILE = "data-collection/Info.plist";
				LD_RUNPATH_SEARCH_PATHS = "$(inherited) @executable_path/Frameworks";
				OTHER_LDFLAGS = (
					"-ObjC",
					"-framework",
					ArcGIS,
					"-l",
					"c++",
				);
				PRODUCT_BUNDLE_IDENTIFIER = "com.esri.arcgisruntime.exampleapps.data-collection";
				PRODUCT_NAME = "$(TARGET_NAME)";
				SWIFT_VERSION = 4.0;
				TARGETED_DEVICE_FAMILY = "1,2";
			};
			name = Debug;
		};
		94FA8B49207BF2CD00972C75 /* Release */ = {
			isa = XCBuildConfiguration;
			buildSettings = {
				ASSETCATALOG_COMPILER_APPICON_NAME = AppIcon;
				CODE_SIGN_STYLE = Automatic;
				FRAMEWORK_SEARCH_PATHS = $HOME/Library/SDKs/ArcGIS/iOS/Frameworks/Static/;
				INFOPLIST_FILE = "data-collection/Info.plist";
				LD_RUNPATH_SEARCH_PATHS = "$(inherited) @executable_path/Frameworks";
				OTHER_LDFLAGS = (
					"-ObjC",
					"-framework",
					ArcGIS,
					"-l",
					"c++",
				);
				PRODUCT_BUNDLE_IDENTIFIER = "com.esri.arcgisruntime.exampleapps.data-collection";
				PRODUCT_NAME = "$(TARGET_NAME)";
				SWIFT_VERSION = 4.0;
				TARGETED_DEVICE_FAMILY = "1,2";
			};
			name = Release;
		};
		94FA8B4B207BF2CD00972C75 /* Debug */ = {
			isa = XCBuildConfiguration;
			buildSettings = {
				ALWAYS_EMBED_SWIFT_STANDARD_LIBRARIES = YES;
				BUNDLE_LOADER = "$(TEST_HOST)";
				CODE_SIGN_STYLE = Automatic;
				INFOPLIST_FILE = "data-collectionTests/Info.plist";
				LD_RUNPATH_SEARCH_PATHS = "$(inherited) @executable_path/Frameworks @loader_path/Frameworks";
				PRODUCT_BUNDLE_IDENTIFIER = "com.esri.arcgisruntime.exampleapps.data-collectionTests";
				PRODUCT_NAME = "$(TARGET_NAME)";
				SWIFT_VERSION = 4.0;
				TARGETED_DEVICE_FAMILY = "1,2";
				TEST_HOST = "$(BUILT_PRODUCTS_DIR)/data-collection.app/data-collection";
			};
			name = Debug;
		};
		94FA8B4C207BF2CD00972C75 /* Release */ = {
			isa = XCBuildConfiguration;
			buildSettings = {
				ALWAYS_EMBED_SWIFT_STANDARD_LIBRARIES = YES;
				BUNDLE_LOADER = "$(TEST_HOST)";
				CODE_SIGN_STYLE = Automatic;
				INFOPLIST_FILE = "data-collectionTests/Info.plist";
				LD_RUNPATH_SEARCH_PATHS = "$(inherited) @executable_path/Frameworks @loader_path/Frameworks";
				PRODUCT_BUNDLE_IDENTIFIER = "com.esri.arcgisruntime.exampleapps.data-collectionTests";
				PRODUCT_NAME = "$(TARGET_NAME)";
				SWIFT_VERSION = 4.0;
				TARGETED_DEVICE_FAMILY = "1,2";
				TEST_HOST = "$(BUILT_PRODUCTS_DIR)/data-collection.app/data-collection";
			};
			name = Release;
		};
		94FA8B4E207BF2CD00972C75 /* Debug */ = {
			isa = XCBuildConfiguration;
			buildSettings = {
				ALWAYS_EMBED_SWIFT_STANDARD_LIBRARIES = YES;
				CODE_SIGN_STYLE = Automatic;
				INFOPLIST_FILE = "data-collectionUITests/Info.plist";
				LD_RUNPATH_SEARCH_PATHS = "$(inherited) @executable_path/Frameworks @loader_path/Frameworks";
				PRODUCT_BUNDLE_IDENTIFIER = "com.esri.arcgisruntime.exampleapps.data-collectionUITests";
				PRODUCT_NAME = "$(TARGET_NAME)";
				SWIFT_VERSION = 4.0;
				TARGETED_DEVICE_FAMILY = "1,2";
				TEST_TARGET_NAME = "data-collection";
			};
			name = Debug;
		};
		94FA8B4F207BF2CD00972C75 /* Release */ = {
			isa = XCBuildConfiguration;
			buildSettings = {
				ALWAYS_EMBED_SWIFT_STANDARD_LIBRARIES = YES;
				CODE_SIGN_STYLE = Automatic;
				INFOPLIST_FILE = "data-collectionUITests/Info.plist";
				LD_RUNPATH_SEARCH_PATHS = "$(inherited) @executable_path/Frameworks @loader_path/Frameworks";
				PRODUCT_BUNDLE_IDENTIFIER = "com.esri.arcgisruntime.exampleapps.data-collectionUITests";
				PRODUCT_NAME = "$(TARGET_NAME)";
				SWIFT_VERSION = 4.0;
				TARGETED_DEVICE_FAMILY = "1,2";
				TEST_TARGET_NAME = "data-collection";
			};
			name = Release;
		};
/* End XCBuildConfiguration section */

/* Begin XCConfigurationList section */
		94FA8B1A207BF2CD00972C75 /* Build configuration list for PBXProject "data-collection" */ = {
			isa = XCConfigurationList;
			buildConfigurations = (
				94FA8B45207BF2CD00972C75 /* Debug */,
				94FA8B46207BF2CD00972C75 /* Release */,
			);
			defaultConfigurationIsVisible = 0;
			defaultConfigurationName = Release;
		};
		94FA8B47207BF2CD00972C75 /* Build configuration list for PBXNativeTarget "data-collection" */ = {
			isa = XCConfigurationList;
			buildConfigurations = (
				94FA8B48207BF2CD00972C75 /* Debug */,
				94FA8B49207BF2CD00972C75 /* Release */,
			);
			defaultConfigurationIsVisible = 0;
			defaultConfigurationName = Release;
		};
		94FA8B4A207BF2CD00972C75 /* Build configuration list for PBXNativeTarget "data-collectionTests" */ = {
			isa = XCConfigurationList;
			buildConfigurations = (
				94FA8B4B207BF2CD00972C75 /* Debug */,
				94FA8B4C207BF2CD00972C75 /* Release */,
			);
			defaultConfigurationIsVisible = 0;
			defaultConfigurationName = Release;
		};
		94FA8B4D207BF2CD00972C75 /* Build configuration list for PBXNativeTarget "data-collectionUITests" */ = {
			isa = XCConfigurationList;
			buildConfigurations = (
				94FA8B4E207BF2CD00972C75 /* Debug */,
				94FA8B4F207BF2CD00972C75 /* Release */,
			);
			defaultConfigurationIsVisible = 0;
			defaultConfigurationName = Release;
		};
/* End XCConfigurationList section */
	};
	rootObject = 94FA8B17207BF2CD00972C75 /* Project object */;
}
