{
  "object": {
    "pins": [
      {
        "package": "arcgis-runtime-ios",
        "repositoryURL": "https://github.com/Esri/arcgis-runtime-ios.git",
        "state": {
          "branch": null,
          "revision": "2e3b263a608e1fb2ba75519cacd341cfc4e7e4f0",
          "version": "100.11.0"
        }
      },
      {
        "package": "arcgis-runtime-toolkit-ios",
        "repositoryURL": "https://github.com/Esri/arcgis-runtime-toolkit-ios.git",
        "state": {
          "branch": null,
          "revision": "90db275566467878e9dd13e4cf15302d99300483",
          "version": "100.11.0"
        }
      }
    ]
  },
  "version": 1
}
